<?xml version="1.0" encoding="UTF-8"?>
<Scheme
   LastUpgradeVersion = "1220"
   version = "1.3">
   <BuildAction
      parallelizeBuildables = "YES"
      buildImplicitDependencies = "YES">
      <BuildActionEntries>
         <BuildActionEntry
            buildForTesting = "YES"
            buildForRunning = "YES"
            buildForProfiling = "NO"
            buildForArchiving = "NO"
            buildForAnalyzing = "NO">
            <BuildableReference
               BuildableIdentifier = "primary"
               BlueprintIdentifier = "3E53884B256FB40300CFC66E"
               BuildableName = "ArtistHubAppTests.xctest"
               BlueprintName = "ArtistHubAppTests"
               ReferencedContainer = "container:ArtistHub.xcodeproj">
            </BuildableReference>
         </BuildActionEntry>
         <BuildActionEntry
            buildForTesting = "YES"
            buildForRunning = "YES"
            buildForProfiling = "NO"
            buildForArchiving = "NO"
            buildForAnalyzing = "NO">
            <BuildableReference
               BuildableIdentifier = "primary"
               BlueprintIdentifier = "3E5388A0256FCABD00CFC66E"
               BuildableName = "ArtistHubCoreTests.xctest"
               BlueprintName = "ArtistHubCoreTests"
               ReferencedContainer = "container:ArtistHub.xcodeproj">
            </BuildableReference>
         </BuildActionEntry>
         <BuildActionEntry
            buildForTesting = "YES"
            buildForRunning = "YES"
            buildForProfiling = "NO"
            buildForArchiving = "NO"
            buildForAnalyzing = "NO">
            <BuildableReference
               BuildableIdentifier = "primary"
               BlueprintIdentifier = "3E5DF9AD2571279C00C0F6FA"
               BuildableName = "ArtistHubUserInterfaceTests.xctest"
               BlueprintName = "ArtistHubUserInterfaceTests"
               ReferencedContainer = "container:ArtistHub.xcodeproj">
            </BuildableReference>
         </BuildActionEntry>
      </BuildActionEntries>
   </BuildAction>
   <TestAction
      buildConfiguration = "Debug"
      selectedDebuggerIdentifier = "Xcode.DebuggerFoundation.Debugger.LLDB"
      selectedLauncherIdentifier = "Xcode.DebuggerFoundation.Launcher.LLDB"
      shouldUseLaunchSchemeArgsEnv = "YES"
      codeCoverageEnabled = "YES"
      onlyGenerateCoverageForSpecifiedTargets = "YES">
      <CodeCoverageTargets>
         <BuildableReference
            BuildableIdentifier = "primary"
            BlueprintIdentifier = "3E538835256FB40200CFC66E"
            BuildableName = "ArtistHubApp.app"
            BlueprintName = "ArtistHubApp"
            ReferencedContainer = "container:ArtistHub.xcodeproj">
         </BuildableReference>
         <BuildableReference
            BuildableIdentifier = "primary"
            BlueprintIdentifier = "3E538898256FCABD00CFC66E"
            BuildableName = "ArtistHubCore.framework"
            BlueprintName = "ArtistHubCore"
            ReferencedContainer = "container:ArtistHub.xcodeproj">
         </BuildableReference>
         <BuildableReference
            BuildableIdentifier = "primary"
            BlueprintIdentifier = "3E5DF9A52571279C00C0F6FA"
            BuildableName = "ArtistHubUserInterface.framework"
            BlueprintName = "ArtistHubUserInterface"
            ReferencedContainer = "container:ArtistHub.xcodeproj">
         </BuildableReference>
      </CodeCoverageTargets>
      <Testables>
         <TestableReference
            skipped = "NO">
            <BuildableReference
               BuildableIdentifier = "primary"
               BlueprintIdentifier = "3E53884B256FB40300CFC66E"
               BuildableName = "ArtistHubAppTests.xctest"
               BlueprintName = "ArtistHubAppTests"
               ReferencedContainer = "container:ArtistHub.xcodeproj">
            </BuildableReference>
         </TestableReference>
         <TestableReference
            skipped = "NO">
            <BuildableReference
               BuildableIdentifier = "primary"
               BlueprintIdentifier = "3E5388A0256FCABD00CFC66E"
               BuildableName = "ArtistHubCoreTests.xctest"
               BlueprintName = "ArtistHubCoreTests"
               ReferencedContainer = "container:ArtistHub.xcodeproj">
            </BuildableReference>
         </TestableReference>
         <TestableReference
            skipped = "NO">
            <BuildableReference
               BuildableIdentifier = "primary"
               BlueprintIdentifier = "3E5DF9AD2571279C00C0F6FA"
               BuildableName = "ArtistHubUserInterfaceTests.xctest"
               BlueprintName = "ArtistHubUserInterfaceTests"
               ReferencedContainer = "container:ArtistHub.xcodeproj">
            </BuildableReference>
         </TestableReference>
      </Testables>
   </TestAction>
   <LaunchAction
      buildConfiguration = "Debug"
      selectedDebuggerIdentifier = "Xcode.DebuggerFoundation.Debugger.LLDB"
      selectedLauncherIdentifier = "Xcode.DebuggerFoundation.Launcher.LLDB"
      launchStyle = "0"
      useCustomWorkingDirectory = "NO"
      ignoresPersistentStateOnLaunch = "NO"
      debugDocumentVersioning = "YES"
      debugServiceExtension = "internal"
      allowLocationSimulation = "YES">
   </LaunchAction>
   <ProfileAction
      buildConfiguration = "Release"
      shouldUseLaunchSchemeArgsEnv = "YES"
      savedToolIdentifier = ""
      useCustomWorkingDirectory = "NO"
      debugDocumentVersioning = "YES">
      <MacroExpansion>
         <BuildableReference
            BuildableIdentifier = "primary"
            BlueprintIdentifier = "3E53884B256FB40300CFC66E"
            BuildableName = "ArtistHubAppTests.xctest"
            BlueprintName = "ArtistHubAppTests"
            ReferencedContainer = "container:ArtistHub.xcodeproj">
         </BuildableReference>
      </MacroExpansion>
   </ProfileAction>
   <AnalyzeAction
      buildConfiguration = "Debug">
   </AnalyzeAction>
   <ArchiveAction
      buildConfiguration = "Release"
      revealArchiveInOrganizer = "YES">
   </ArchiveAction>
</Scheme>
