// !$*UTF8*$!
{
	archiveVersion = 1;
	classes = {
	};
	objectVersion = 50;
	objects = {

/* Begin PBXBuildFile section */
		3E279DC92571151800144915 /* ApplicationRouter.swift in Sources */ = {isa = PBXBuildFile; fileRef = 3E279DC82571151800144915 /* ApplicationRouter.swift */; };
		3E279DD42571157000144915 /* ApplicationRouterType.swift in Sources */ = {isa = PBXBuildFile; fileRef = 3E279DD32571157000144915 /* ApplicationRouterType.swift */; };
		3E30F8472578EE3800CB7A0A /* StylableExtensionTests.swift in Sources */ = {isa = PBXBuildFile; fileRef = 3E30F8462578EE3800CB7A0A /* StylableExtensionTests.swift */; };
		3E30F8562579013100CB7A0A /* Artist.swift in Sources */ = {isa = PBXBuildFile; fileRef = 3E30F8552579013100CB7A0A /* Artist.swift */; };
		3E30F89325790F8F00CB7A0A /* ListViewControllerTests.swift in Sources */ = {isa = PBXBuildFile; fileRef = 3E30F89225790F8F00CB7A0A /* ListViewControllerTests.swift */; };
		3E30F89C25790FE800CB7A0A /* ListViewLayoutConfigurationTests.swift in Sources */ = {isa = PBXBuildFile; fileRef = 3E30F89B25790FE800CB7A0A /* ListViewLayoutConfigurationTests.swift */; };
		3E30F8AB257A39D300CB7A0A /* Task.swift in Sources */ = {isa = PBXBuildFile; fileRef = 3E30F8AA257A39D300CB7A0A /* Task.swift */; };
		3E30F8B3257A3DAC00CB7A0A /* TaskScheduler.swift in Sources */ = {isa = PBXBuildFile; fileRef = 3E30F8B2257A3DAC00CB7A0A /* TaskScheduler.swift */; };
		3E30F8C8257A8BCA00CB7A0A /* TaskTests.swift in Sources */ = {isa = PBXBuildFile; fileRef = 3E30F8C7257A8BCA00CB7A0A /* TaskTests.swift */; };
		3E30F8D0257A8DA800CB7A0A /* TaskSchedulerTests.swift in Sources */ = {isa = PBXBuildFile; fileRef = 3E30F8CF257A8DA800CB7A0A /* TaskSchedulerTests.swift */; };
		3E30F8D8257A8DE400CB7A0A /* TaskSchedulerType.swift in Sources */ = {isa = PBXBuildFile; fileRef = 3E30F8D7257A8DE400CB7A0A /* TaskSchedulerType.swift */; };
		3E4A805F257145FD0021312B /* UIWindow+Default.swift in Sources */ = {isa = PBXBuildFile; fileRef = 3E4A805E257145FD0021312B /* UIWindow+Default.swift */; };
		3E53883A256FB40200CFC66E /* AppDelegate.swift in Sources */ = {isa = PBXBuildFile; fileRef = 3E538839256FB40200CFC66E /* AppDelegate.swift */; };
		3E538843256FB40300CFC66E /* Assets.xcassets in Resources */ = {isa = PBXBuildFile; fileRef = 3E538842256FB40300CFC66E /* Assets.xcassets */; };
		3E538846256FB40300CFC66E /* LaunchScreen.storyboard in Resources */ = {isa = PBXBuildFile; fileRef = 3E538844256FB40300CFC66E /* LaunchScreen.storyboard */; };
		3E53885C256FB40300CFC66E /* ArtistHubUITests.swift in Sources */ = {isa = PBXBuildFile; fileRef = 3E53885B256FB40300CFC66E /* ArtistHubUITests.swift */; };
		3E5388A2256FCABD00CFC66E /* ArtistHubCore.framework in Frameworks */ = {isa = PBXBuildFile; fileRef = 3E538899256FCABD00CFC66E /* ArtistHubCore.framework */; };
		3E5388A9256FCABD00CFC66E /* ArtistHubCore.h in Headers */ = {isa = PBXBuildFile; fileRef = 3E53889B256FCABD00CFC66E /* ArtistHubCore.h */; settings = {ATTRIBUTES = (Public, ); }; };
		3E5388CA256FCC1100CFC66E /* ArtistHubCore.framework in Frameworks */ = {isa = PBXBuildFile; fileRef = 3E538899256FCABD00CFC66E /* ArtistHubCore.framework */; };
		3E5388CB256FCC1100CFC66E /* ArtistHubCore.framework in Embed Frameworks */ = {isa = PBXBuildFile; fileRef = 3E538899256FCABD00CFC66E /* ArtistHubCore.framework */; settings = {ATTRIBUTES = (CodeSignOnCopy, RemoveHeadersOnCopy, ); }; };
		3E5DEF0A2573CCF2003CF008 /* ListRouterFactory.swift in Sources */ = {isa = PBXBuildFile; fileRef = 3E5DEF092573CCF2003CF008 /* ListRouterFactory.swift */; };
		3E5DEF162573CDF6003CF008 /* DetailsRouterType.swift in Sources */ = {isa = PBXBuildFile; fileRef = 3E5DEF152573CDF6003CF008 /* DetailsRouterType.swift */; };
		3E5DEF1E2573CE01003CF008 /* DetailsRouter.swift in Sources */ = {isa = PBXBuildFile; fileRef = 3E5DEF1D2573CE01003CF008 /* DetailsRouter.swift */; };
		3E5DEF272573CED4003CF008 /* ListControllerFactoryType.swift in Sources */ = {isa = PBXBuildFile; fileRef = 3E5DEF262573CED4003CF008 /* ListControllerFactoryType.swift */; };
		3E5DEF3B2573D034003CF008 /* DetailsRouterFactoryType.swift in Sources */ = {isa = PBXBuildFile; fileRef = 3E5DEF3A2573D034003CF008 /* DetailsRouterFactoryType.swift */; };
		3E5DEF432573D06B003CF008 /* DetailsRouterFactory.swift in Sources */ = {isa = PBXBuildFile; fileRef = 3E5DEF422573D06B003CF008 /* DetailsRouterFactory.swift */; };
		3E5DEF4B2573D116003CF008 /* DetailsViewController.swift in Sources */ = {isa = PBXBuildFile; fileRef = 3E5DEF4A2573D116003CF008 /* DetailsViewController.swift */; };
		3E5DEF542573D145003CF008 /* DetailsControllerFactoryType.swift in Sources */ = {isa = PBXBuildFile; fileRef = 3E5DEF532573D145003CF008 /* DetailsControllerFactoryType.swift */; };
		3E5DEF5C2573D311003CF008 /* DetailsControllerFactory.swift in Sources */ = {isa = PBXBuildFile; fileRef = 3E5DEF5B2573D311003CF008 /* DetailsControllerFactory.swift */; };
		3E5DEF642573D368003CF008 /* ListControllerFactory.swift in Sources */ = {isa = PBXBuildFile; fileRef = 3E5DEF632573D368003CF008 /* ListControllerFactory.swift */; };
		3E5DEF6D2573D404003CF008 /* DetailsView.swift in Sources */ = {isa = PBXBuildFile; fileRef = 3E5DEF6C2573D404003CF008 /* DetailsView.swift */; };
		3E5DEF752573D6AB003CF008 /* ListRouterFactorySpy.swift in Sources */ = {isa = PBXBuildFile; fileRef = 3E5DEF742573D6AB003CF008 /* ListRouterFactorySpy.swift */; };
		3E5DEF842573D76A003CF008 /* ListRouterSpy.swift in Sources */ = {isa = PBXBuildFile; fileRef = 3E5DEF7C2573D758003CF008 /* ListRouterSpy.swift */; };
		3E5DEF9B2573DB08003CF008 /* ListRouterTests.swift in Sources */ = {isa = PBXBuildFile; fileRef = 3E5DEF932573DADB003CF008 /* ListRouterTests.swift */; };
		3E5DEFA92573DC09003CF008 /* ListControllerFactorySpy.swift in Sources */ = {isa = PBXBuildFile; fileRef = 3E5DEFA82573DC09003CF008 /* ListControllerFactorySpy.swift */; };
		3E5DEFB12573DCC9003CF008 /* DetailsRouterFactorySpy.swift in Sources */ = {isa = PBXBuildFile; fileRef = 3E5DEFB02573DCC9003CF008 /* DetailsRouterFactorySpy.swift */; };
		3E5DEFB92573DD78003CF008 /* DetailsRouterSpy.swift in Sources */ = {isa = PBXBuildFile; fileRef = 3E5DEFB82573DD78003CF008 /* DetailsRouterSpy.swift */; };
		3E5DEFC22573E414003CF008 /* ListRouterFactoryTests.swift in Sources */ = {isa = PBXBuildFile; fileRef = 3E5DEFC12573E414003CF008 /* ListRouterFactoryTests.swift */; };
		3E5DF9AF2571279C00C0F6FA /* ArtistHubUserInterface.framework in Frameworks */ = {isa = PBXBuildFile; fileRef = 3E5DF9A62571279C00C0F6FA /* ArtistHubUserInterface.framework */; };
		3E5DF9B82571279C00C0F6FA /* ArtistHubUserInterface.h in Headers */ = {isa = PBXBuildFile; fileRef = 3E5DF9A82571279C00C0F6FA /* ArtistHubUserInterface.h */; settings = {ATTRIBUTES = (Public, ); }; };
		3E5DF9BB2571279C00C0F6FA /* ArtistHubUserInterface.framework in Frameworks */ = {isa = PBXBuildFile; fileRef = 3E5DF9A62571279C00C0F6FA /* ArtistHubUserInterface.framework */; };
		3E5DF9BC2571279C00C0F6FA /* ArtistHubUserInterface.framework in Embed Frameworks */ = {isa = PBXBuildFile; fileRef = 3E5DF9A62571279C00C0F6FA /* ArtistHubUserInterface.framework */; settings = {ATTRIBUTES = (CodeSignOnCopy, RemoveHeadersOnCopy, ); }; };
		3EA095672571506400AA6AAB /* ApplicationRouterSpy.swift in Sources */ = {isa = PBXBuildFile; fileRef = 3EA095662571506400AA6AAB /* ApplicationRouterSpy.swift */; };
		3EA095782571553600AA6AAB /* ApplicationRouterTests.swift in Sources */ = {isa = PBXBuildFile; fileRef = 3EA095762571553600AA6AAB /* ApplicationRouterTests.swift */; };
		3EA0958825715C4E00AA6AAB /* ListRouterType.swift in Sources */ = {isa = PBXBuildFile; fileRef = 3EA0958725715C4E00AA6AAB /* ListRouterType.swift */; };
		3EA0959725715CC500AA6AAB /* ListViewController.swift in Sources */ = {isa = PBXBuildFile; fileRef = 3EA0959625715CC500AA6AAB /* ListViewController.swift */; };
		3EA0959F25715D0500AA6AAB /* ListRouter.swift in Sources */ = {isa = PBXBuildFile; fileRef = 3EA0959E25715D0500AA6AAB /* ListRouter.swift */; };
		3EA095A725715F0E00AA6AAB /* UINavigationController+Default.swift in Sources */ = {isa = PBXBuildFile; fileRef = 3EA095A625715F0E00AA6AAB /* UINavigationController+Default.swift */; };
		3EA095AF2573CBFE00AA6AAB /* ListRouterFactoryType.swift in Sources */ = {isa = PBXBuildFile; fileRef = 3EA095AE2573CBFE00AA6AAB /* ListRouterFactoryType.swift */; };
		3EB76F0A2571486400DFDD0A /* UIWindowDefaultExtensionTests.swift in Sources */ = {isa = PBXBuildFile; fileRef = 3EB76F092571486400DFDD0A /* UIWindowDefaultExtensionTests.swift */; };
		3EB76F2C25714CD800DFDD0A /* AppDelegateTests.swift in Sources */ = {isa = PBXBuildFile; fileRef = 3EB76F2B25714CD800DFDD0A /* AppDelegateTests.swift */; };
		3ED0F6E7257AA28C00571636 /* DispatcherType.swift in Sources */ = {isa = PBXBuildFile; fileRef = 3ED0F6E6257AA28C00571636 /* DispatcherType.swift */; };
		3ED0F6EF257AA2F000571636 /* AsyncDispatcher.swift in Sources */ = {isa = PBXBuildFile; fileRef = 3ED0F6EE257AA2F000571636 /* AsyncDispatcher.swift */; };
		3ED0F6FD257AA3DB00571636 /* SyncDispatcher.swift in Sources */ = {isa = PBXBuildFile; fileRef = 3ED0F6FC257AA3DB00571636 /* SyncDispatcher.swift */; };
		3ED0F707257AA6B300571636 /* DispatcherStub.swift in Sources */ = {isa = PBXBuildFile; fileRef = 3ED0F706257AA6B300571636 /* DispatcherStub.swift */; };
		3ED0F734257BDD6400571636 /* AsyncDispatcherTests.swift in Sources */ = {isa = PBXBuildFile; fileRef = 3ED0F733257BDD6400571636 /* AsyncDispatcherTests.swift */; };
		3ED0F74E257BE04B00571636 /* SyncDispatcherTest.swift in Sources */ = {isa = PBXBuildFile; fileRef = 3ED0F74D257BE04B00571636 /* SyncDispatcherTest.swift */; };
		3EE1538025764A2A008AB2C2 /* ListView.swift in Sources */ = {isa = PBXBuildFile; fileRef = 3EE1537F25764A2A008AB2C2 /* ListView.swift */; };
		3EE153A6257654C4008AB2C2 /* UIColor+Custom.swift in Sources */ = {isa = PBXBuildFile; fileRef = 3EE153A5257654C4008AB2C2 /* UIColor+Custom.swift */; };
		3EE153AF25766449008AB2C2 /* Style.swift in Sources */ = {isa = PBXBuildFile; fileRef = 3EE153AE25766449008AB2C2 /* Style.swift */; };
		3EE153BD2576660C008AB2C2 /* Stylable+UIView.swift in Sources */ = {isa = PBXBuildFile; fileRef = 3EE153BC2576660C008AB2C2 /* Stylable+UIView.swift */; };
		3EE153C5257669E7008AB2C2 /* Stylable.swift in Sources */ = {isa = PBXBuildFile; fileRef = 3EE153C4257669E7008AB2C2 /* Stylable.swift */; };
		3EE153CD25766BF0008AB2C2 /* Stylable+UICollectionView.swift in Sources */ = {isa = PBXBuildFile; fileRef = 3EE153CC25766BF0008AB2C2 /* Stylable+UICollectionView.swift */; };
		3EE153DB25766E75008AB2C2 /* ListViewLayoutConfigurator.swift in Sources */ = {isa = PBXBuildFile; fileRef = 3EE153DA25766E75008AB2C2 /* ListViewLayoutConfigurator.swift */; };
		3EE153E325767613008AB2C2 /* ListViewCell.swift in Sources */ = {isa = PBXBuildFile; fileRef = 3EE153E225767613008AB2C2 /* ListViewCell.swift */; };
		3EE153F125769CDB008AB2C2 /* UIFont+Traits.swift in Sources */ = {isa = PBXBuildFile; fileRef = 3EE153F025769CDB008AB2C2 /* UIFont+Traits.swift */; };
		3EE153FA25779984008AB2C2 /* NavigationBarAppearanceConfigurator.swift in Sources */ = {isa = PBXBuildFile; fileRef = 3EE153F925779984008AB2C2 /* NavigationBarAppearanceConfigurator.swift */; };
		3EE1540825779D20008AB2C2 /* NavigationBarAppearanceConfiguratorType.swift in Sources */ = {isa = PBXBuildFile; fileRef = 3EE1540725779D20008AB2C2 /* NavigationBarAppearanceConfiguratorType.swift */; };
		3EE154132577A0F5008AB2C2 /* NavigationBarAppearanceConfiguratorSpy.swift in Sources */ = {isa = PBXBuildFile; fileRef = 3EE154122577A0F5008AB2C2 /* NavigationBarAppearanceConfiguratorSpy.swift */; };
		3EE154212577A1A7008AB2C2 /* NavigationBarAppearanceConfiguratorTests.swift in Sources */ = {isa = PBXBuildFile; fileRef = 3EE154202577A1A7008AB2C2 /* NavigationBarAppearanceConfiguratorTests.swift */; };
		3EE154282577A58B008AB2C2 /* NavigationBarAppearanceConfiguratorSpy.swift in Sources */ = {isa = PBXBuildFile; fileRef = 3EE154122577A0F5008AB2C2 /* NavigationBarAppearanceConfiguratorSpy.swift */; };
		3EE154302577AF62008AB2C2 /* UIFontTraitsExtensionTests.swift in Sources */ = {isa = PBXBuildFile; fileRef = 3EE1542F2577AF62008AB2C2 /* UIFontTraitsExtensionTests.swift */; };
		3EE4942A2574D9D4005C8A05 /* ListControllerFactoryTests.swift in Sources */ = {isa = PBXBuildFile; fileRef = 3EE494292574D9D4005C8A05 /* ListControllerFactoryTests.swift */; };
		3EE494382574DB56005C8A05 /* ListViewControllerType.swift in Sources */ = {isa = PBXBuildFile; fileRef = 3EE494372574DB56005C8A05 /* ListViewControllerType.swift */; };
		3EE494402574DC6D005C8A05 /* DetailsViewControllerType.swift in Sources */ = {isa = PBXBuildFile; fileRef = 3EE4943F2574DC6D005C8A05 /* DetailsViewControllerType.swift */; };
		3EE494542574DD58005C8A05 /* DetailsRouterTests.swift in Sources */ = {isa = PBXBuildFile; fileRef = 3EE4944C2574DD2B005C8A05 /* DetailsRouterTests.swift */; };
		3EE494632574DDB4005C8A05 /* DetailsControllerFactoryStub.swift in Sources */ = {isa = PBXBuildFile; fileRef = 3EE494622574DDB4005C8A05 /* DetailsControllerFactoryStub.swift */; };
		3EE494712574DFB2005C8A05 /* NavigationControllerSpy.swift in Sources */ = {isa = PBXBuildFile; fileRef = 3EE494702574DFB2005C8A05 /* NavigationControllerSpy.swift */; };
		3EE494802574F36E005C8A05 /* DetailsControllerFactoryTests.swift in Sources */ = {isa = PBXBuildFile; fileRef = 3EE494782574F304005C8A05 /* DetailsControllerFactoryTests.swift */; };
		3EE4948E2574F88C005C8A05 /* main.swift in Sources */ = {isa = PBXBuildFile; fileRef = 3EE4948D2574F88C005C8A05 /* main.swift */; };
		3EE4949C2574FAB7005C8A05 /* DetailsRouterFactoryTests.swift in Sources */ = {isa = PBXBuildFile; fileRef = 3EE4949B2574FAB7005C8A05 /* DetailsRouterFactoryTests.swift */; };
		C6F4DBD98A367A7E87AA8FD1 /* Artist+Sample.swift in Sources */ = {isa = PBXBuildFile; fileRef = C6F4D3054DC6988D8B9DDC3B /* Artist+Sample.swift */; };
/* End PBXBuildFile section */

/* Begin PBXContainerItemProxy section */
		3E53884D256FB40300CFC66E /* PBXContainerItemProxy */ = {
			isa = PBXContainerItemProxy;
			containerPortal = 3E53882E256FB40200CFC66E /* Project object */;
			proxyType = 1;
			remoteGlobalIDString = 3E538835256FB40200CFC66E;
			remoteInfo = ArtistHub;
		};
		3E538858256FB40300CFC66E /* PBXContainerItemProxy */ = {
			isa = PBXContainerItemProxy;
			containerPortal = 3E53882E256FB40200CFC66E /* Project object */;
			proxyType = 1;
			remoteGlobalIDString = 3E538835256FB40200CFC66E;
			remoteInfo = ArtistHub;
		};
		3E5388A3256FCABD00CFC66E /* PBXContainerItemProxy */ = {
			isa = PBXContainerItemProxy;
			containerPortal = 3E53882E256FB40200CFC66E /* Project object */;
			proxyType = 1;
			remoteGlobalIDString = 3E538898256FCABD00CFC66E;
			remoteInfo = ArtistHubCore;
		};
		3E5388CC256FCC1100CFC66E /* PBXContainerItemProxy */ = {
			isa = PBXContainerItemProxy;
			containerPortal = 3E53882E256FB40200CFC66E /* Project object */;
			proxyType = 1;
			remoteGlobalIDString = 3E538898256FCABD00CFC66E;
			remoteInfo = ArtistHubCore;
		};
		3E5DF9B02571279C00C0F6FA /* PBXContainerItemProxy */ = {
			isa = PBXContainerItemProxy;
			containerPortal = 3E53882E256FB40200CFC66E /* Project object */;
			proxyType = 1;
			remoteGlobalIDString = 3E5DF9A52571279C00C0F6FA;
			remoteInfo = ArtistHubUserInterface;
		};
		3E5DF9B22571279C00C0F6FA /* PBXContainerItemProxy */ = {
			isa = PBXContainerItemProxy;
			containerPortal = 3E53882E256FB40200CFC66E /* Project object */;
			proxyType = 1;
			remoteGlobalIDString = 3E538835256FB40200CFC66E;
			remoteInfo = ArtistHubApp;
		};
		3E5DF9B92571279C00C0F6FA /* PBXContainerItemProxy */ = {
			isa = PBXContainerItemProxy;
			containerPortal = 3E53882E256FB40200CFC66E /* Project object */;
			proxyType = 1;
			remoteGlobalIDString = 3E5DF9A52571279C00C0F6FA;
			remoteInfo = ArtistHubUserInterface;
		};
/* End PBXContainerItemProxy section */

/* Begin PBXCopyFilesBuildPhase section */
		3E5388CE256FCC1200CFC66E /* Embed Frameworks */ = {
			isa = PBXCopyFilesBuildPhase;
			buildActionMask = 2147483647;
			dstPath = "";
			dstSubfolderSpec = 10;
			files = (
				3E5DF9BC2571279C00C0F6FA /* ArtistHubUserInterface.framework in Embed Frameworks */,
				3E5388CB256FCC1100CFC66E /* ArtistHubCore.framework in Embed Frameworks */,
			);
			name = "Embed Frameworks";
			runOnlyForDeploymentPostprocessing = 0;
		};
/* End PBXCopyFilesBuildPhase section */

/* Begin PBXFileReference section */
		3E279DC82571151800144915 /* ApplicationRouter.swift */ = {isa = PBXFileReference; lastKnownFileType = sourcecode.swift; path = ApplicationRouter.swift; sourceTree = "<group>"; };
		3E279DD32571157000144915 /* ApplicationRouterType.swift */ = {isa = PBXFileReference; lastKnownFileType = sourcecode.swift; path = ApplicationRouterType.swift; sourceTree = "<group>"; };
		3E30F8462578EE3800CB7A0A /* StylableExtensionTests.swift */ = {isa = PBXFileReference; lastKnownFileType = sourcecode.swift; path = StylableExtensionTests.swift; sourceTree = "<group>"; };
		3E30F8552579013100CB7A0A /* Artist.swift */ = {isa = PBXFileReference; lastKnownFileType = sourcecode.swift; path = Artist.swift; sourceTree = "<group>"; };
		3E30F89225790F8F00CB7A0A /* ListViewControllerTests.swift */ = {isa = PBXFileReference; lastKnownFileType = sourcecode.swift; path = ListViewControllerTests.swift; sourceTree = "<group>"; };
		3E30F89B25790FE800CB7A0A /* ListViewLayoutConfigurationTests.swift */ = {isa = PBXFileReference; lastKnownFileType = sourcecode.swift; path = ListViewLayoutConfigurationTests.swift; sourceTree = "<group>"; };
		3E30F8AA257A39D300CB7A0A /* Task.swift */ = {isa = PBXFileReference; lastKnownFileType = sourcecode.swift; path = Task.swift; sourceTree = "<group>"; };
		3E30F8B2257A3DAC00CB7A0A /* TaskScheduler.swift */ = {isa = PBXFileReference; lastKnownFileType = sourcecode.swift; path = TaskScheduler.swift; sourceTree = "<group>"; };
		3E30F8C7257A8BCA00CB7A0A /* TaskTests.swift */ = {isa = PBXFileReference; lastKnownFileType = sourcecode.swift; path = TaskTests.swift; sourceTree = "<group>"; };
		3E30F8CF257A8DA800CB7A0A /* TaskSchedulerTests.swift */ = {isa = PBXFileReference; lastKnownFileType = sourcecode.swift; path = TaskSchedulerTests.swift; sourceTree = "<group>"; };
		3E30F8D7257A8DE400CB7A0A /* TaskSchedulerType.swift */ = {isa = PBXFileReference; lastKnownFileType = sourcecode.swift; path = TaskSchedulerType.swift; sourceTree = "<group>"; };
		3E4A805E257145FD0021312B /* UIWindow+Default.swift */ = {isa = PBXFileReference; lastKnownFileType = sourcecode.swift; path = "UIWindow+Default.swift"; sourceTree = "<group>"; };
		3E538836256FB40200CFC66E /* ArtistHubApp.app */ = {isa = PBXFileReference; explicitFileType = wrapper.application; includeInIndex = 0; path = ArtistHubApp.app; sourceTree = BUILT_PRODUCTS_DIR; };
		3E538839256FB40200CFC66E /* AppDelegate.swift */ = {isa = PBXFileReference; lastKnownFileType = sourcecode.swift; path = AppDelegate.swift; sourceTree = "<group>"; };
		3E538842256FB40300CFC66E /* Assets.xcassets */ = {isa = PBXFileReference; lastKnownFileType = folder.assetcatalog; path = Assets.xcassets; sourceTree = "<group>"; };
		3E538845256FB40300CFC66E /* Base */ = {isa = PBXFileReference; lastKnownFileType = file.storyboard; name = Base; path = Base.lproj/LaunchScreen.storyboard; sourceTree = "<group>"; };
		3E538847256FB40300CFC66E /* Info.plist */ = {isa = PBXFileReference; lastKnownFileType = text.plist.xml; path = Info.plist; sourceTree = "<group>"; };
		3E53884C256FB40300CFC66E /* ArtistHubAppTests.xctest */ = {isa = PBXFileReference; explicitFileType = wrapper.cfbundle; includeInIndex = 0; path = ArtistHubAppTests.xctest; sourceTree = BUILT_PRODUCTS_DIR; };
		3E538852256FB40300CFC66E /* Info.plist */ = {isa = PBXFileReference; lastKnownFileType = text.plist.xml; path = Info.plist; sourceTree = "<group>"; };
		3E538857256FB40300CFC66E /* ArtistHubUITests.xctest */ = {isa = PBXFileReference; explicitFileType = wrapper.cfbundle; includeInIndex = 0; path = ArtistHubUITests.xctest; sourceTree = BUILT_PRODUCTS_DIR; };
		3E53885B256FB40300CFC66E /* ArtistHubUITests.swift */ = {isa = PBXFileReference; lastKnownFileType = sourcecode.swift; path = ArtistHubUITests.swift; sourceTree = "<group>"; };
		3E53885D256FB40300CFC66E /* Info.plist */ = {isa = PBXFileReference; lastKnownFileType = text.plist.xml; path = Info.plist; sourceTree = "<group>"; };
		3E538899256FCABD00CFC66E /* ArtistHubCore.framework */ = {isa = PBXFileReference; explicitFileType = wrapper.framework; includeInIndex = 0; path = ArtistHubCore.framework; sourceTree = BUILT_PRODUCTS_DIR; };
		3E53889B256FCABD00CFC66E /* ArtistHubCore.h */ = {isa = PBXFileReference; lastKnownFileType = sourcecode.c.h; path = ArtistHubCore.h; sourceTree = "<group>"; };
		3E53889C256FCABD00CFC66E /* Info.plist */ = {isa = PBXFileReference; lastKnownFileType = text.plist.xml; path = Info.plist; sourceTree = "<group>"; };
		3E5388A1256FCABD00CFC66E /* ArtistHubCoreTests.xctest */ = {isa = PBXFileReference; explicitFileType = wrapper.cfbundle; includeInIndex = 0; path = ArtistHubCoreTests.xctest; sourceTree = BUILT_PRODUCTS_DIR; };
		3E5388A8256FCABD00CFC66E /* Info.plist */ = {isa = PBXFileReference; lastKnownFileType = text.plist.xml; path = Info.plist; sourceTree = "<group>"; };
		3E5DEF092573CCF2003CF008 /* ListRouterFactory.swift */ = {isa = PBXFileReference; lastKnownFileType = sourcecode.swift; path = ListRouterFactory.swift; sourceTree = "<group>"; };
		3E5DEF152573CDF6003CF008 /* DetailsRouterType.swift */ = {isa = PBXFileReference; lastKnownFileType = sourcecode.swift; path = DetailsRouterType.swift; sourceTree = "<group>"; };
		3E5DEF1D2573CE01003CF008 /* DetailsRouter.swift */ = {isa = PBXFileReference; lastKnownFileType = sourcecode.swift; path = DetailsRouter.swift; sourceTree = "<group>"; };
		3E5DEF262573CED4003CF008 /* ListControllerFactoryType.swift */ = {isa = PBXFileReference; lastKnownFileType = sourcecode.swift; path = ListControllerFactoryType.swift; sourceTree = "<group>"; };
		3E5DEF3A2573D034003CF008 /* DetailsRouterFactoryType.swift */ = {isa = PBXFileReference; lastKnownFileType = sourcecode.swift; path = DetailsRouterFactoryType.swift; sourceTree = "<group>"; };
		3E5DEF422573D06B003CF008 /* DetailsRouterFactory.swift */ = {isa = PBXFileReference; lastKnownFileType = sourcecode.swift; path = DetailsRouterFactory.swift; sourceTree = "<group>"; };
		3E5DEF4A2573D116003CF008 /* DetailsViewController.swift */ = {isa = PBXFileReference; lastKnownFileType = sourcecode.swift; path = DetailsViewController.swift; sourceTree = "<group>"; };
		3E5DEF532573D145003CF008 /* DetailsControllerFactoryType.swift */ = {isa = PBXFileReference; lastKnownFileType = sourcecode.swift; path = DetailsControllerFactoryType.swift; sourceTree = "<group>"; };
		3E5DEF5B2573D311003CF008 /* DetailsControllerFactory.swift */ = {isa = PBXFileReference; lastKnownFileType = sourcecode.swift; path = DetailsControllerFactory.swift; sourceTree = "<group>"; };
		3E5DEF632573D368003CF008 /* ListControllerFactory.swift */ = {isa = PBXFileReference; lastKnownFileType = sourcecode.swift; path = ListControllerFactory.swift; sourceTree = "<group>"; };
		3E5DEF6C2573D404003CF008 /* DetailsView.swift */ = {isa = PBXFileReference; lastKnownFileType = sourcecode.swift; path = DetailsView.swift; sourceTree = "<group>"; };
		3E5DEF742573D6AB003CF008 /* ListRouterFactorySpy.swift */ = {isa = PBXFileReference; lastKnownFileType = sourcecode.swift; path = ListRouterFactorySpy.swift; sourceTree = "<group>"; };
		3E5DEF7C2573D758003CF008 /* ListRouterSpy.swift */ = {isa = PBXFileReference; lastKnownFileType = sourcecode.swift; path = ListRouterSpy.swift; sourceTree = "<group>"; };
		3E5DEF932573DADB003CF008 /* ListRouterTests.swift */ = {isa = PBXFileReference; lastKnownFileType = sourcecode.swift; path = ListRouterTests.swift; sourceTree = "<group>"; };
		3E5DEFA82573DC09003CF008 /* ListControllerFactorySpy.swift */ = {isa = PBXFileReference; lastKnownFileType = sourcecode.swift; path = ListControllerFactorySpy.swift; sourceTree = "<group>"; };
		3E5DEFB02573DCC9003CF008 /* DetailsRouterFactorySpy.swift */ = {isa = PBXFileReference; lastKnownFileType = sourcecode.swift; path = DetailsRouterFactorySpy.swift; sourceTree = "<group>"; };
		3E5DEFB82573DD78003CF008 /* DetailsRouterSpy.swift */ = {isa = PBXFileReference; lastKnownFileType = sourcecode.swift; path = DetailsRouterSpy.swift; sourceTree = "<group>"; };
		3E5DEFC12573E414003CF008 /* ListRouterFactoryTests.swift */ = {isa = PBXFileReference; lastKnownFileType = sourcecode.swift; path = ListRouterFactoryTests.swift; sourceTree = "<group>"; };
		3E5DF9A62571279C00C0F6FA /* ArtistHubUserInterface.framework */ = {isa = PBXFileReference; explicitFileType = wrapper.framework; includeInIndex = 0; path = ArtistHubUserInterface.framework; sourceTree = BUILT_PRODUCTS_DIR; };
		3E5DF9A82571279C00C0F6FA /* ArtistHubUserInterface.h */ = {isa = PBXFileReference; lastKnownFileType = sourcecode.c.h; path = ArtistHubUserInterface.h; sourceTree = "<group>"; };
		3E5DF9A92571279C00C0F6FA /* Info.plist */ = {isa = PBXFileReference; lastKnownFileType = text.plist.xml; path = Info.plist; sourceTree = "<group>"; };
		3E5DF9AE2571279C00C0F6FA /* ArtistHubUserInterfaceTests.xctest */ = {isa = PBXFileReference; explicitFileType = wrapper.cfbundle; includeInIndex = 0; path = ArtistHubUserInterfaceTests.xctest; sourceTree = BUILT_PRODUCTS_DIR; };
		3E5DF9B72571279C00C0F6FA /* Info.plist */ = {isa = PBXFileReference; lastKnownFileType = text.plist.xml; path = Info.plist; sourceTree = "<group>"; };
		3EA095662571506400AA6AAB /* ApplicationRouterSpy.swift */ = {isa = PBXFileReference; lastKnownFileType = sourcecode.swift; path = ApplicationRouterSpy.swift; sourceTree = "<group>"; };
		3EA095762571553600AA6AAB /* ApplicationRouterTests.swift */ = {isa = PBXFileReference; lastKnownFileType = sourcecode.swift; path = ApplicationRouterTests.swift; sourceTree = "<group>"; };
		3EA0958725715C4E00AA6AAB /* ListRouterType.swift */ = {isa = PBXFileReference; lastKnownFileType = sourcecode.swift; path = ListRouterType.swift; sourceTree = "<group>"; };
		3EA0959625715CC500AA6AAB /* ListViewController.swift */ = {isa = PBXFileReference; lastKnownFileType = sourcecode.swift; path = ListViewController.swift; sourceTree = "<group>"; };
		3EA0959E25715D0500AA6AAB /* ListRouter.swift */ = {isa = PBXFileReference; lastKnownFileType = sourcecode.swift; path = ListRouter.swift; sourceTree = "<group>"; };
		3EA095A625715F0E00AA6AAB /* UINavigationController+Default.swift */ = {isa = PBXFileReference; lastKnownFileType = sourcecode.swift; path = "UINavigationController+Default.swift"; sourceTree = "<group>"; };
		3EA095AE2573CBFE00AA6AAB /* ListRouterFactoryType.swift */ = {isa = PBXFileReference; lastKnownFileType = sourcecode.swift; path = ListRouterFactoryType.swift; sourceTree = "<group>"; };
		3EB76F092571486400DFDD0A /* UIWindowDefaultExtensionTests.swift */ = {isa = PBXFileReference; lastKnownFileType = sourcecode.swift; path = UIWindowDefaultExtensionTests.swift; sourceTree = "<group>"; };
		3EB76F2B25714CD800DFDD0A /* AppDelegateTests.swift */ = {isa = PBXFileReference; lastKnownFileType = sourcecode.swift; path = AppDelegateTests.swift; sourceTree = "<group>"; };
		3ED0F6E6257AA28C00571636 /* DispatcherType.swift */ = {isa = PBXFileReference; lastKnownFileType = sourcecode.swift; path = DispatcherType.swift; sourceTree = "<group>"; };
		3ED0F6EE257AA2F000571636 /* AsyncDispatcher.swift */ = {isa = PBXFileReference; lastKnownFileType = sourcecode.swift; path = AsyncDispatcher.swift; sourceTree = "<group>"; };
		3ED0F6FC257AA3DB00571636 /* SyncDispatcher.swift */ = {isa = PBXFileReference; lastKnownFileType = sourcecode.swift; path = SyncDispatcher.swift; sourceTree = "<group>"; };
		3ED0F706257AA6B300571636 /* DispatcherStub.swift */ = {isa = PBXFileReference; lastKnownFileType = sourcecode.swift; path = DispatcherStub.swift; sourceTree = "<group>"; };
		3ED0F733257BDD6400571636 /* AsyncDispatcherTests.swift */ = {isa = PBXFileReference; lastKnownFileType = sourcecode.swift; path = AsyncDispatcherTests.swift; sourceTree = "<group>"; };
		3ED0F74D257BE04B00571636 /* SyncDispatcherTest.swift */ = {isa = PBXFileReference; lastKnownFileType = sourcecode.swift; path = SyncDispatcherTest.swift; sourceTree = "<group>"; };
		3EE1537F25764A2A008AB2C2 /* ListView.swift */ = {isa = PBXFileReference; lastKnownFileType = sourcecode.swift; path = ListView.swift; sourceTree = "<group>"; };
		3EE153A5257654C4008AB2C2 /* UIColor+Custom.swift */ = {isa = PBXFileReference; lastKnownFileType = sourcecode.swift; path = "UIColor+Custom.swift"; sourceTree = "<group>"; };
		3EE153AE25766449008AB2C2 /* Style.swift */ = {isa = PBXFileReference; lastKnownFileType = sourcecode.swift; path = Style.swift; sourceTree = "<group>"; };
		3EE153BC2576660C008AB2C2 /* Stylable+UIView.swift */ = {isa = PBXFileReference; lastKnownFileType = sourcecode.swift; path = "Stylable+UIView.swift"; sourceTree = "<group>"; };
		3EE153C4257669E7008AB2C2 /* Stylable.swift */ = {isa = PBXFileReference; lastKnownFileType = sourcecode.swift; path = Stylable.swift; sourceTree = "<group>"; };
		3EE153CC25766BF0008AB2C2 /* Stylable+UICollectionView.swift */ = {isa = PBXFileReference; lastKnownFileType = sourcecode.swift; path = "Stylable+UICollectionView.swift"; sourceTree = "<group>"; };
		3EE153DA25766E75008AB2C2 /* ListViewLayoutConfigurator.swift */ = {isa = PBXFileReference; lastKnownFileType = sourcecode.swift; path = ListViewLayoutConfigurator.swift; sourceTree = "<group>"; };
		3EE153E225767613008AB2C2 /* ListViewCell.swift */ = {isa = PBXFileReference; lastKnownFileType = sourcecode.swift; path = ListViewCell.swift; sourceTree = "<group>"; };
		3EE153F025769CDB008AB2C2 /* UIFont+Traits.swift */ = {isa = PBXFileReference; lastKnownFileType = sourcecode.swift; path = "UIFont+Traits.swift"; sourceTree = "<group>"; };
		3EE153F925779984008AB2C2 /* NavigationBarAppearanceConfigurator.swift */ = {isa = PBXFileReference; lastKnownFileType = sourcecode.swift; path = NavigationBarAppearanceConfigurator.swift; sourceTree = "<group>"; };
		3EE1540725779D20008AB2C2 /* NavigationBarAppearanceConfiguratorType.swift */ = {isa = PBXFileReference; lastKnownFileType = sourcecode.swift; path = NavigationBarAppearanceConfiguratorType.swift; sourceTree = "<group>"; };
		3EE154122577A0F5008AB2C2 /* NavigationBarAppearanceConfiguratorSpy.swift */ = {isa = PBXFileReference; lastKnownFileType = sourcecode.swift; path = NavigationBarAppearanceConfiguratorSpy.swift; sourceTree = "<group>"; };
		3EE154202577A1A7008AB2C2 /* NavigationBarAppearanceConfiguratorTests.swift */ = {isa = PBXFileReference; lastKnownFileType = sourcecode.swift; path = NavigationBarAppearanceConfiguratorTests.swift; sourceTree = "<group>"; };
		3EE1542F2577AF62008AB2C2 /* UIFontTraitsExtensionTests.swift */ = {isa = PBXFileReference; lastKnownFileType = sourcecode.swift; path = UIFontTraitsExtensionTests.swift; sourceTree = "<group>"; };
		3EE494292574D9D4005C8A05 /* ListControllerFactoryTests.swift */ = {isa = PBXFileReference; lastKnownFileType = sourcecode.swift; path = ListControllerFactoryTests.swift; sourceTree = "<group>"; };
		3EE494372574DB56005C8A05 /* ListViewControllerType.swift */ = {isa = PBXFileReference; lastKnownFileType = sourcecode.swift; path = ListViewControllerType.swift; sourceTree = "<group>"; };
		3EE4943F2574DC6D005C8A05 /* DetailsViewControllerType.swift */ = {isa = PBXFileReference; lastKnownFileType = sourcecode.swift; path = DetailsViewControllerType.swift; sourceTree = "<group>"; };
		3EE4944C2574DD2B005C8A05 /* DetailsRouterTests.swift */ = {isa = PBXFileReference; lastKnownFileType = sourcecode.swift; path = DetailsRouterTests.swift; sourceTree = "<group>"; };
		3EE494622574DDB4005C8A05 /* DetailsControllerFactoryStub.swift */ = {isa = PBXFileReference; lastKnownFileType = sourcecode.swift; path = DetailsControllerFactoryStub.swift; sourceTree = "<group>"; };
		3EE494702574DFB2005C8A05 /* NavigationControllerSpy.swift */ = {isa = PBXFileReference; lastKnownFileType = sourcecode.swift; path = NavigationControllerSpy.swift; sourceTree = "<group>"; };
		3EE494782574F304005C8A05 /* DetailsControllerFactoryTests.swift */ = {isa = PBXFileReference; lastKnownFileType = sourcecode.swift; path = DetailsControllerFactoryTests.swift; sourceTree = "<group>"; };
		3EE4948D2574F88C005C8A05 /* main.swift */ = {isa = PBXFileReference; lastKnownFileType = sourcecode.swift; path = main.swift; sourceTree = "<group>"; };
		3EE4949B2574FAB7005C8A05 /* DetailsRouterFactoryTests.swift */ = {isa = PBXFileReference; lastKnownFileType = sourcecode.swift; path = DetailsRouterFactoryTests.swift; sourceTree = "<group>"; };
		C6F4D3054DC6988D8B9DDC3B /* Artist+Sample.swift */ = {isa = PBXFileReference; fileEncoding = 4; lastKnownFileType = sourcecode.swift; path = "Artist+Sample.swift"; sourceTree = "<group>"; };
/* End PBXFileReference section */

/* Begin PBXFrameworksBuildPhase section */
		3E538833256FB40200CFC66E /* Frameworks */ = {
			isa = PBXFrameworksBuildPhase;
			buildActionMask = 2147483647;
			files = (
				3E5DF9BB2571279C00C0F6FA /* ArtistHubUserInterface.framework in Frameworks */,
				3E5388CA256FCC1100CFC66E /* ArtistHubCore.framework in Frameworks */,
			);
			runOnlyForDeploymentPostprocessing = 0;
		};
		3E538849256FB40300CFC66E /* Frameworks */ = {
			isa = PBXFrameworksBuildPhase;
			buildActionMask = 2147483647;
			files = (
			);
			runOnlyForDeploymentPostprocessing = 0;
		};
		3E538854256FB40300CFC66E /* Frameworks */ = {
			isa = PBXFrameworksBuildPhase;
			buildActionMask = 2147483647;
			files = (
			);
			runOnlyForDeploymentPostprocessing = 0;
		};
		3E538896256FCABD00CFC66E /* Frameworks */ = {
			isa = PBXFrameworksBuildPhase;
			buildActionMask = 2147483647;
			files = (
			);
			runOnlyForDeploymentPostprocessing = 0;
		};
		3E53889E256FCABD00CFC66E /* Frameworks */ = {
			isa = PBXFrameworksBuildPhase;
			buildActionMask = 2147483647;
			files = (
				3E5388A2256FCABD00CFC66E /* ArtistHubCore.framework in Frameworks */,
			);
			runOnlyForDeploymentPostprocessing = 0;
		};
		3E5DF9A32571279C00C0F6FA /* Frameworks */ = {
			isa = PBXFrameworksBuildPhase;
			buildActionMask = 2147483647;
			files = (
			);
			runOnlyForDeploymentPostprocessing = 0;
		};
		3E5DF9AB2571279C00C0F6FA /* Frameworks */ = {
			isa = PBXFrameworksBuildPhase;
			buildActionMask = 2147483647;
			files = (
				3E5DF9AF2571279C00C0F6FA /* ArtistHubUserInterface.framework in Frameworks */,
			);
			runOnlyForDeploymentPostprocessing = 0;
		};
/* End PBXFrameworksBuildPhase section */

/* Begin PBXGroup section */
		3E279DC6257114F900144915 /* Delegate */ = {
			isa = PBXGroup;
			children = (
				3E538839256FB40200CFC66E /* AppDelegate.swift */,
			);
			path = Delegate;
			sourceTree = "<group>";
		};
		3E279DC72571150200144915 /* Router */ = {
			isa = PBXGroup;
			children = (
				3E279DC82571151800144915 /* ApplicationRouter.swift */,
				3E279DD32571157000144915 /* ApplicationRouterType.swift */,
			);
			path = Router;
			sourceTree = "<group>";
		};
		3E30F8452578EDD800CB7A0A /* Style */ = {
			isa = PBXGroup;
			children = (
				3E30F8462578EE3800CB7A0A /* StylableExtensionTests.swift */,
			);
			path = Style;
			sourceTree = "<group>";
		};
		3E30F8542579012100CB7A0A /* Model */ = {
			isa = PBXGroup;
			children = (
				3E30F8552579013100CB7A0A /* Artist.swift */,
				C6F4D3054DC6988D8B9DDC3B /* Artist+Sample.swift */,
			);
			path = Model;
			sourceTree = "<group>";
		};
		3E30F89A25790FD400CB7A0A /* View */ = {
			isa = PBXGroup;
			children = (
				3E30F89B25790FE800CB7A0A /* ListViewLayoutConfigurationTests.swift */,
			);
			path = View;
			sourceTree = "<group>";
		};
		3E30F8A9257A361600CB7A0A /* Concurrency */ = {
			isa = PBXGroup;
			children = (
				3ED0F6E5257AA27000571636 /* Dispatcher */,
				3E30F8E0257A8F6700CB7A0A /* Task */,
				3E30F8DF257A8DED00CB7A0A /* Scheduler */,
			);
			path = Concurrency;
			sourceTree = "<group>";
		};
		3E30F8C0257A8B4E00CB7A0A /* Concurrency */ = {
			isa = PBXGroup;
			children = (
				3ED0F714257BDA3400571636 /* Dispatcher */,
				3E30F8E1257A8FA300CB7A0A /* Task */,
				3E30F8E2257A8FA600CB7A0A /* Scheduler */,
			);
			path = Concurrency;
			sourceTree = "<group>";
		};
		3E30F8DF257A8DED00CB7A0A /* Scheduler */ = {
			isa = PBXGroup;
			children = (
				3E30F8B2257A3DAC00CB7A0A /* TaskScheduler.swift */,
				3E30F8D7257A8DE400CB7A0A /* TaskSchedulerType.swift */,
			);
			path = Scheduler;
			sourceTree = "<group>";
		};
		3E30F8E0257A8F6700CB7A0A /* Task */ = {
			isa = PBXGroup;
			children = (
				3E30F8AA257A39D300CB7A0A /* Task.swift */,
			);
			path = Task;
			sourceTree = "<group>";
		};
		3E30F8E1257A8FA300CB7A0A /* Task */ = {
			isa = PBXGroup;
			children = (
				3E30F8C7257A8BCA00CB7A0A /* TaskTests.swift */,
			);
			path = Task;
			sourceTree = "<group>";
		};
		3E30F8E2257A8FA600CB7A0A /* Scheduler */ = {
			isa = PBXGroup;
			children = (
				3E30F8CF257A8DA800CB7A0A /* TaskSchedulerTests.swift */,
			);
			path = Scheduler;
			sourceTree = "<group>";
		};
		3E4A806C257146300021312B /* Extension */ = {
			isa = PBXGroup;
			children = (
				3E4A805E257145FD0021312B /* UIWindow+Default.swift */,
				3EA095A625715F0E00AA6AAB /* UINavigationController+Default.swift */,
				3EE153A5257654C4008AB2C2 /* UIColor+Custom.swift */,
				3EE153F025769CDB008AB2C2 /* UIFont+Traits.swift */,
			);
			path = Extension;
			sourceTree = "<group>";
		};
		3E53882D256FB40200CFC66E = {
			isa = PBXGroup;
			children = (
				3E538838256FB40200CFC66E /* ArtistHubApp */,
				3E53889A256FCABD00CFC66E /* ArtistHubCore */,
				3E5DF9A72571279C00C0F6FA /* ArtistHubUserInterface */,
				3E53885A256FB40300CFC66E /* ArtistHubUITests */,
				3E538837256FB40200CFC66E /* Products */,
				3E5388C9256FCC1100CFC66E /* Frameworks */,
			);
			sourceTree = "<group>";
		};
		3E538837256FB40200CFC66E /* Products */ = {
			isa = PBXGroup;
			children = (
				3E538836256FB40200CFC66E /* ArtistHubApp.app */,
				3E53884C256FB40300CFC66E /* ArtistHubAppTests.xctest */,
				3E538857256FB40300CFC66E /* ArtistHubUITests.xctest */,
				3E538899256FCABD00CFC66E /* ArtistHubCore.framework */,
				3E5388A1256FCABD00CFC66E /* ArtistHubCoreTests.xctest */,
				3E5DF9A62571279C00C0F6FA /* ArtistHubUserInterface.framework */,
				3E5DF9AE2571279C00C0F6FA /* ArtistHubUserInterfaceTests.xctest */,
			);
			name = Products;
			sourceTree = "<group>";
		};
		3E538838256FB40200CFC66E /* ArtistHubApp */ = {
			isa = PBXGroup;
			children = (
				3E53887E256FC89300CFC66E /* Sources */,
				3E53887F256FC89900CFC66E /* Tests */,
				3E538881256FC8F900CFC66E /* Resources */,
			);
			path = ArtistHubApp;
			sourceTree = "<group>";
		};
		3E53885A256FB40300CFC66E /* ArtistHubUITests */ = {
			isa = PBXGroup;
			children = (
				3E53885B256FB40300CFC66E /* ArtistHubUITests.swift */,
				3E53885D256FB40300CFC66E /* Info.plist */,
			);
			path = ArtistHubUITests;
			sourceTree = "<group>";
		};
		3E53887E256FC89300CFC66E /* Sources */ = {
			isa = PBXGroup;
			children = (
				3E53888D256FC98900CFC66E /* Application */,
				3EA0958525715B4F00AA6AAB /* List */,
				3E5DEF112573CD98003CF008 /* Details */,
				3E538882256FC92900CFC66E /* LaunchScreen */,
				3E538880256FC8AE00CFC66E /* Supporting Files */,
			);
			path = Sources;
			sourceTree = "<group>";
		};
		3E53887F256FC89900CFC66E /* Tests */ = {
			isa = PBXGroup;
			children = (
				3EA09574257154F700AA6AAB /* Application */,
				3E5DEF912573DA6F003CF008 /* List */,
				3EE494472574DCD0005C8A05 /* Details */,
				3EA095642571502E00AA6AAB /* Doubles */,
				3E5388C3256FCB5B00CFC66E /* Supporting Files */,
			);
			path = Tests;
			sourceTree = "<group>";
		};
		3E538880256FC8AE00CFC66E /* Supporting Files */ = {
			isa = PBXGroup;
			children = (
				3E538847256FB40300CFC66E /* Info.plist */,
			);
			path = "Supporting Files";
			sourceTree = "<group>";
		};
		3E538881256FC8F900CFC66E /* Resources */ = {
			isa = PBXGroup;
			children = (
				3E538842256FB40300CFC66E /* Assets.xcassets */,
			);
			path = Resources;
			sourceTree = "<group>";
		};
		3E538882256FC92900CFC66E /* LaunchScreen */ = {
			isa = PBXGroup;
			children = (
				3E538883256FC93500CFC66E /* View */,
			);
			path = LaunchScreen;
			sourceTree = "<group>";
		};
		3E538883256FC93500CFC66E /* View */ = {
			isa = PBXGroup;
			children = (
				3E538844256FB40300CFC66E /* LaunchScreen.storyboard */,
			);
			path = View;
			sourceTree = "<group>";
		};
		3E53888D256FC98900CFC66E /* Application */ = {
			isa = PBXGroup;
			children = (
				3E279DC72571150200144915 /* Router */,
				3E279DC6257114F900144915 /* Delegate */,
				3EE4948D2574F88C005C8A05 /* main.swift */,
			);
			path = Application;
			sourceTree = "<group>";
		};
		3E53889A256FCABD00CFC66E /* ArtistHubCore */ = {
			isa = PBXGroup;
			children = (
				3E5388BF256FCAFD00CFC66E /* Sources */,
				3E5388C0256FCB0900CFC66E /* Tests */,
			);
			path = ArtistHubCore;
			sourceTree = "<group>";
		};
		3E5388BF256FCAFD00CFC66E /* Sources */ = {
			isa = PBXGroup;
			children = (
				3E30F8A9257A361600CB7A0A /* Concurrency */,
				3E30F8542579012100CB7A0A /* Model */,
				3E5388C1256FCB1900CFC66E /* Supporting Files */,
			);
			path = Sources;
			sourceTree = "<group>";
		};
		3E5388C0256FCB0900CFC66E /* Tests */ = {
			isa = PBXGroup;
			children = (
				3E30F8C0257A8B4E00CB7A0A /* Concurrency */,
				3ED0F704257AA69700571636 /* Doubles */,
				3E5388C2256FCB4A00CFC66E /* Supporting Files */,
			);
			path = Tests;
			sourceTree = "<group>";
		};
		3E5388C1256FCB1900CFC66E /* Supporting Files */ = {
			isa = PBXGroup;
			children = (
				3E53889B256FCABD00CFC66E /* ArtistHubCore.h */,
				3E53889C256FCABD00CFC66E /* Info.plist */,
			);
			path = "Supporting Files";
			sourceTree = "<group>";
		};
		3E5388C2256FCB4A00CFC66E /* Supporting Files */ = {
			isa = PBXGroup;
			children = (
				3E5388A8256FCABD00CFC66E /* Info.plist */,
			);
			path = "Supporting Files";
			sourceTree = "<group>";
		};
		3E5388C3256FCB5B00CFC66E /* Supporting Files */ = {
			isa = PBXGroup;
			children = (
				3E538852256FB40300CFC66E /* Info.plist */,
			);
			path = "Supporting Files";
			sourceTree = "<group>";
		};
		3E5388C9256FCC1100CFC66E /* Frameworks */ = {
			isa = PBXGroup;
			children = (
			);
			name = Frameworks;
			sourceTree = "<group>";
		};
		3E5DEF112573CD98003CF008 /* Details */ = {
			isa = PBXGroup;
			children = (
				3E5DEF122573CDC4003CF008 /* Controller */,
				3E5DEF132573CDC8003CF008 /* Router */,
			);
			path = Details;
			sourceTree = "<group>";
		};
		3E5DEF122573CDC4003CF008 /* Controller */ = {
			isa = PBXGroup;
			children = (
				3E5DEF6B2573D3FA003CF008 /* View */,
				3E5DEF522573D12B003CF008 /* Factory */,
				3E5DEF4A2573D116003CF008 /* DetailsViewController.swift */,
				3EE4943F2574DC6D005C8A05 /* DetailsViewControllerType.swift */,
			);
			path = Controller;
			sourceTree = "<group>";
		};
		3E5DEF132573CDC8003CF008 /* Router */ = {
			isa = PBXGroup;
			children = (
				3E5DEF142573CDE2003CF008 /* Factory */,
				3E5DEF152573CDF6003CF008 /* DetailsRouterType.swift */,
				3E5DEF1D2573CE01003CF008 /* DetailsRouter.swift */,
			);
			path = Router;
			sourceTree = "<group>";
		};
		3E5DEF142573CDE2003CF008 /* Factory */ = {
			isa = PBXGroup;
			children = (
				3E5DEF3A2573D034003CF008 /* DetailsRouterFactoryType.swift */,
				3E5DEF422573D06B003CF008 /* DetailsRouterFactory.swift */,
			);
			path = Factory;
			sourceTree = "<group>";
		};
		3E5DEF252573CEC8003CF008 /* Factory */ = {
			isa = PBXGroup;
			children = (
				3E5DEF262573CED4003CF008 /* ListControllerFactoryType.swift */,
				3E5DEF632573D368003CF008 /* ListControllerFactory.swift */,
			);
			path = Factory;
			sourceTree = "<group>";
		};
		3E5DEF522573D12B003CF008 /* Factory */ = {
			isa = PBXGroup;
			children = (
				3E5DEF532573D145003CF008 /* DetailsControllerFactoryType.swift */,
				3E5DEF5B2573D311003CF008 /* DetailsControllerFactory.swift */,
			);
			path = Factory;
			sourceTree = "<group>";
		};
		3E5DEF6B2573D3FA003CF008 /* View */ = {
			isa = PBXGroup;
			children = (
				3E5DEF6C2573D404003CF008 /* DetailsView.swift */,
			);
			path = View;
			sourceTree = "<group>";
		};
		3E5DEF912573DA6F003CF008 /* List */ = {
			isa = PBXGroup;
			children = (
				3EE494272574D97B005C8A05 /* Controller */,
				3E5DEF922573DAB9003CF008 /* Router */,
			);
			path = List;
			sourceTree = "<group>";
		};
		3E5DEF922573DAB9003CF008 /* Router */ = {
			isa = PBXGroup;
			children = (
				3E5DEFC02573E3EC003CF008 /* Factory */,
				3E5DEF932573DADB003CF008 /* ListRouterTests.swift */,
			);
			path = Router;
			sourceTree = "<group>";
		};
		3E5DEFC02573E3EC003CF008 /* Factory */ = {
			isa = PBXGroup;
			children = (
				3E5DEFC12573E414003CF008 /* ListRouterFactoryTests.swift */,
			);
			path = Factory;
			sourceTree = "<group>";
		};
		3E5DF9A72571279C00C0F6FA /* ArtistHubUserInterface */ = {
			isa = PBXGroup;
			children = (
				3E5DF9CF257127B200C0F6FA /* Sources */,
				3E5DF9D0257127B900C0F6FA /* Tests */,
			);
			path = ArtistHubUserInterface;
			sourceTree = "<group>";
		};
		3E5DF9CF257127B200C0F6FA /* Sources */ = {
			isa = PBXGroup;
			children = (
				3EE153F825779960008AB2C2 /* Appearance */,
				3EE153AD257663B5008AB2C2 /* Style */,
				3E4A806C257146300021312B /* Extension */,
				3E5DF9D1257127DC00C0F6FA /* Supporting Files */,
			);
			path = Sources;
			sourceTree = "<group>";
		};
		3E5DF9D0257127B900C0F6FA /* Tests */ = {
			isa = PBXGroup;
			children = (
				3EE1540F2577A0BC008AB2C2 /* Appearance */,
				3E30F8452578EDD800CB7A0A /* Style */,
				3EB76F11257148B300DFDD0A /* Extension */,
				3EE154102577A0D9008AB2C2 /* Doubles */,
				3E5DF9D22571280400C0F6FA /* Supporting Files */,
			);
			path = Tests;
			sourceTree = "<group>";
		};
		3E5DF9D1257127DC00C0F6FA /* Supporting Files */ = {
			isa = PBXGroup;
			children = (
				3E5DF9A92571279C00C0F6FA /* Info.plist */,
				3E5DF9A82571279C00C0F6FA /* ArtistHubUserInterface.h */,
			);
			path = "Supporting Files";
			sourceTree = "<group>";
		};
		3E5DF9D22571280400C0F6FA /* Supporting Files */ = {
			isa = PBXGroup;
			children = (
				3E5DF9B72571279C00C0F6FA /* Info.plist */,
			);
			path = "Supporting Files";
			sourceTree = "<group>";
		};
		3EA095642571502E00AA6AAB /* Doubles */ = {
			isa = PBXGroup;
			children = (
				3EE494612574DDA1005C8A05 /* Stub */,
				3EA095652571504400AA6AAB /* Spy */,
			);
			path = Doubles;
			sourceTree = "<group>";
		};
		3EA095652571504400AA6AAB /* Spy */ = {
			isa = PBXGroup;
			children = (
				3EA095662571506400AA6AAB /* ApplicationRouterSpy.swift */,
				3E5DEF742573D6AB003CF008 /* ListRouterFactorySpy.swift */,
				3E5DEF7C2573D758003CF008 /* ListRouterSpy.swift */,
				3E5DEFA82573DC09003CF008 /* ListControllerFactorySpy.swift */,
				3E5DEFB02573DCC9003CF008 /* DetailsRouterFactorySpy.swift */,
				3E5DEFB82573DD78003CF008 /* DetailsRouterSpy.swift */,
				3EE494702574DFB2005C8A05 /* NavigationControllerSpy.swift */,
			);
			path = Spy;
			sourceTree = "<group>";
		};
		3EA09574257154F700AA6AAB /* Application */ = {
			isa = PBXGroup;
			children = (
				3EA095752571550500AA6AAB /* Router */,
				3EB76F2A25714CB400DFDD0A /* Delegate */,
			);
			path = Application;
			sourceTree = "<group>";
		};
		3EA095752571550500AA6AAB /* Router */ = {
			isa = PBXGroup;
			children = (
				3EA095762571553600AA6AAB /* ApplicationRouterTests.swift */,
			);
			path = Router;
			sourceTree = "<group>";
		};
		3EA0958525715B4F00AA6AAB /* List */ = {
			isa = PBXGroup;
			children = (
				3EA0959525715C9C00AA6AAB /* Controller */,
				3EA0958625715BD000AA6AAB /* Router */,
			);
			path = List;
			sourceTree = "<group>";
		};
		3EA0958625715BD000AA6AAB /* Router */ = {
			isa = PBXGroup;
			children = (
				3EA095B62573CC0600AA6AAB /* Factory */,
				3EA0958725715C4E00AA6AAB /* ListRouterType.swift */,
				3EA0959E25715D0500AA6AAB /* ListRouter.swift */,
			);
			path = Router;
			sourceTree = "<group>";
		};
		3EA0959525715C9C00AA6AAB /* Controller */ = {
			isa = PBXGroup;
			children = (
				3EE1537E25764A1D008AB2C2 /* View */,
				3E5DEF252573CEC8003CF008 /* Factory */,
				3EA0959625715CC500AA6AAB /* ListViewController.swift */,
				3EE494372574DB56005C8A05 /* ListViewControllerType.swift */,
			);
			path = Controller;
			sourceTree = "<group>";
		};
		3EA095B62573CC0600AA6AAB /* Factory */ = {
			isa = PBXGroup;
			children = (
				3EA095AE2573CBFE00AA6AAB /* ListRouterFactoryType.swift */,
				3E5DEF092573CCF2003CF008 /* ListRouterFactory.swift */,
			);
			path = Factory;
			sourceTree = "<group>";
		};
		3EB76F11257148B300DFDD0A /* Extension */ = {
			isa = PBXGroup;
			children = (
				3EB76F092571486400DFDD0A /* UIWindowDefaultExtensionTests.swift */,
				3EE1542F2577AF62008AB2C2 /* UIFontTraitsExtensionTests.swift */,
			);
			path = Extension;
			sourceTree = "<group>";
		};
		3EB76F2A25714CB400DFDD0A /* Delegate */ = {
			isa = PBXGroup;
			children = (
				3EB76F2B25714CD800DFDD0A /* AppDelegateTests.swift */,
			);
			path = Delegate;
			sourceTree = "<group>";
		};
		3ED0F6E5257AA27000571636 /* Dispatcher */ = {
			isa = PBXGroup;
			children = (
				3ED0F6E6257AA28C00571636 /* DispatcherType.swift */,
				3ED0F6EE257AA2F000571636 /* AsyncDispatcher.swift */,
				3ED0F6FC257AA3DB00571636 /* SyncDispatcher.swift */,
			);
			path = Dispatcher;
			sourceTree = "<group>";
		};
		3ED0F704257AA69700571636 /* Doubles */ = {
			isa = PBXGroup;
			children = (
				3ED0F705257AA69F00571636 /* Stub */,
			);
			path = Doubles;
			sourceTree = "<group>";
		};
		3ED0F705257AA69F00571636 /* Stub */ = {
			isa = PBXGroup;
			children = (
				3ED0F706257AA6B300571636 /* DispatcherStub.swift */,
			);
			path = Stub;
			sourceTree = "<group>";
		};
		3ED0F714257BDA3400571636 /* Dispatcher */ = {
			isa = PBXGroup;
			children = (
				3ED0F733257BDD6400571636 /* AsyncDispatcherTests.swift */,
				3ED0F74D257BE04B00571636 /* SyncDispatcherTest.swift */,
			);
			path = Dispatcher;
			sourceTree = "<group>";
		};
		3EE1537E25764A1D008AB2C2 /* View */ = {
			isa = PBXGroup;
			children = (
				3EE1537F25764A2A008AB2C2 /* ListView.swift */,
				3EE153E225767613008AB2C2 /* ListViewCell.swift */,
				3EE153DA25766E75008AB2C2 /* ListViewLayoutConfigurator.swift */,
			);
			path = View;
			sourceTree = "<group>";
		};
		3EE153AD257663B5008AB2C2 /* Style */ = {
			isa = PBXGroup;
			children = (
				3EE153AE25766449008AB2C2 /* Style.swift */,
				3EE153C4257669E7008AB2C2 /* Stylable.swift */,
				3EE153BC2576660C008AB2C2 /* Stylable+UIView.swift */,
				3EE153CC25766BF0008AB2C2 /* Stylable+UICollectionView.swift */,
			);
			path = Style;
			sourceTree = "<group>";
		};
		3EE153F825779960008AB2C2 /* Appearance */ = {
			isa = PBXGroup;
			children = (
				3EE153F925779984008AB2C2 /* NavigationBarAppearanceConfigurator.swift */,
				3EE1540725779D20008AB2C2 /* NavigationBarAppearanceConfiguratorType.swift */,
			);
			path = Appearance;
			sourceTree = "<group>";
		};
		3EE1540F2577A0BC008AB2C2 /* Appearance */ = {
			isa = PBXGroup;
			children = (
				3EE154202577A1A7008AB2C2 /* NavigationBarAppearanceConfiguratorTests.swift */,
			);
			path = Appearance;
			sourceTree = "<group>";
		};
		3EE154102577A0D9008AB2C2 /* Doubles */ = {
			isa = PBXGroup;
			children = (
				3EE154112577A0E4008AB2C2 /* Spy */,
			);
			path = Doubles;
			sourceTree = "<group>";
		};
		3EE154112577A0E4008AB2C2 /* Spy */ = {
			isa = PBXGroup;
			children = (
				3EE154122577A0F5008AB2C2 /* NavigationBarAppearanceConfiguratorSpy.swift */,
			);
			path = Spy;
			sourceTree = "<group>";
		};
		3EE494272574D97B005C8A05 /* Controller */ = {
			isa = PBXGroup;
			children = (
				3E30F89A25790FD400CB7A0A /* View */,
				3EE494282574D981005C8A05 /* Factory */,
				3E30F89225790F8F00CB7A0A /* ListViewControllerTests.swift */,
			);
			path = Controller;
			sourceTree = "<group>";
		};
		3EE494282574D981005C8A05 /* Factory */ = {
			isa = PBXGroup;
			children = (
				3EE494292574D9D4005C8A05 /* ListControllerFactoryTests.swift */,
			);
			path = Factory;
			sourceTree = "<group>";
		};
		3EE494472574DCD0005C8A05 /* Details */ = {
			isa = PBXGroup;
			children = (
				3EE494492574DCE8005C8A05 /* Controller */,
				3EE494482574DCE2005C8A05 /* Router */,
			);
			path = Details;
			sourceTree = "<group>";
		};
		3EE494482574DCE2005C8A05 /* Router */ = {
			isa = PBXGroup;
			children = (
				3EE4944B2574DCF9005C8A05 /* Factory */,
				3EE4944C2574DD2B005C8A05 /* DetailsRouterTests.swift */,
			);
			path = Router;
			sourceTree = "<group>";
		};
		3EE494492574DCE8005C8A05 /* Controller */ = {
			isa = PBXGroup;
			children = (
				3EE4944A2574DCF2005C8A05 /* Factory */,
			);
			path = Controller;
			sourceTree = "<group>";
		};
		3EE4944A2574DCF2005C8A05 /* Factory */ = {
			isa = PBXGroup;
			children = (
				3EE494782574F304005C8A05 /* DetailsControllerFactoryTests.swift */,
			);
			path = Factory;
			sourceTree = "<group>";
		};
		3EE4944B2574DCF9005C8A05 /* Factory */ = {
			isa = PBXGroup;
			children = (
				3EE4949B2574FAB7005C8A05 /* DetailsRouterFactoryTests.swift */,
			);
			path = Factory;
			sourceTree = "<group>";
		};
		3EE494612574DDA1005C8A05 /* Stub */ = {
			isa = PBXGroup;
			children = (
				3EE494622574DDB4005C8A05 /* DetailsControllerFactoryStub.swift */,
			);
			path = Stub;
			sourceTree = "<group>";
		};
/* End PBXGroup section */

/* Begin PBXHeadersBuildPhase section */
		3E538894256FCABD00CFC66E /* Headers */ = {
			isa = PBXHeadersBuildPhase;
			buildActionMask = 2147483647;
			files = (
				3E5388A9256FCABD00CFC66E /* ArtistHubCore.h in Headers */,
			);
			runOnlyForDeploymentPostprocessing = 0;
		};
		3E5DF9A12571279C00C0F6FA /* Headers */ = {
			isa = PBXHeadersBuildPhase;
			buildActionMask = 2147483647;
			files = (
				3E5DF9B82571279C00C0F6FA /* ArtistHubUserInterface.h in Headers */,
			);
			runOnlyForDeploymentPostprocessing = 0;
		};
/* End PBXHeadersBuildPhase section */

/* Begin PBXNativeTarget section */
		3E538835256FB40200CFC66E /* ArtistHubApp */ = {
			isa = PBXNativeTarget;
			buildConfigurationList = 3E538860256FB40300CFC66E /* Build configuration list for PBXNativeTarget "ArtistHubApp" */;
			buildPhases = (
				3E538832256FB40200CFC66E /* Sources */,
				3E538833256FB40200CFC66E /* Frameworks */,
				3E538834256FB40200CFC66E /* Resources */,
				3E5388CE256FCC1200CFC66E /* Embed Frameworks */,
			);
			buildRules = (
			);
			dependencies = (
				3E5388CD256FCC1100CFC66E /* PBXTargetDependency */,
				3E5DF9BA2571279C00C0F6FA /* PBXTargetDependency */,
			);
			name = ArtistHubApp;
			productName = ArtistHub;
			productReference = 3E538836256FB40200CFC66E /* ArtistHubApp.app */;
			productType = "com.apple.product-type.application";
		};
		3E53884B256FB40300CFC66E /* ArtistHubAppTests */ = {
			isa = PBXNativeTarget;
			buildConfigurationList = 3E538863256FB40300CFC66E /* Build configuration list for PBXNativeTarget "ArtistHubAppTests" */;
			buildPhases = (
				3E538848256FB40300CFC66E /* Sources */,
				3E538849256FB40300CFC66E /* Frameworks */,
				3E53884A256FB40300CFC66E /* Resources */,
			);
			buildRules = (
			);
			dependencies = (
				3E53884E256FB40300CFC66E /* PBXTargetDependency */,
			);
			name = ArtistHubAppTests;
			productName = ArtistHubTests;
			productReference = 3E53884C256FB40300CFC66E /* ArtistHubAppTests.xctest */;
			productType = "com.apple.product-type.bundle.unit-test";
		};
		3E538856256FB40300CFC66E /* ArtistHubUITests */ = {
			isa = PBXNativeTarget;
			buildConfigurationList = 3E538866256FB40300CFC66E /* Build configuration list for PBXNativeTarget "ArtistHubUITests" */;
			buildPhases = (
				3E538853256FB40300CFC66E /* Sources */,
				3E538854256FB40300CFC66E /* Frameworks */,
				3E538855256FB40300CFC66E /* Resources */,
			);
			buildRules = (
			);
			dependencies = (
				3E538859256FB40300CFC66E /* PBXTargetDependency */,
			);
			name = ArtistHubUITests;
			productName = ArtistHubUITests;
			productReference = 3E538857256FB40300CFC66E /* ArtistHubUITests.xctest */;
			productType = "com.apple.product-type.bundle.ui-testing";
		};
		3E538898256FCABD00CFC66E /* ArtistHubCore */ = {
			isa = PBXNativeTarget;
			buildConfigurationList = 3E5388AA256FCABD00CFC66E /* Build configuration list for PBXNativeTarget "ArtistHubCore" */;
			buildPhases = (
				3E538894256FCABD00CFC66E /* Headers */,
				3E538895256FCABD00CFC66E /* Sources */,
				3E538896256FCABD00CFC66E /* Frameworks */,
				3E538897256FCABD00CFC66E /* Resources */,
			);
			buildRules = (
			);
			dependencies = (
			);
			name = ArtistHubCore;
			productName = ArtistHubCore;
			productReference = 3E538899256FCABD00CFC66E /* ArtistHubCore.framework */;
			productType = "com.apple.product-type.framework";
		};
		3E5388A0256FCABD00CFC66E /* ArtistHubCoreTests */ = {
			isa = PBXNativeTarget;
			buildConfigurationList = 3E5388AD256FCABD00CFC66E /* Build configuration list for PBXNativeTarget "ArtistHubCoreTests" */;
			buildPhases = (
				3E53889D256FCABD00CFC66E /* Sources */,
				3E53889E256FCABD00CFC66E /* Frameworks */,
				3E53889F256FCABD00CFC66E /* Resources */,
			);
			buildRules = (
			);
			dependencies = (
				3E5388A4256FCABD00CFC66E /* PBXTargetDependency */,
			);
			name = ArtistHubCoreTests;
			productName = ArtistHubCoreTests;
			productReference = 3E5388A1256FCABD00CFC66E /* ArtistHubCoreTests.xctest */;
			productType = "com.apple.product-type.bundle.unit-test";
		};
		3E5DF9A52571279C00C0F6FA /* ArtistHubUserInterface */ = {
			isa = PBXNativeTarget;
			buildConfigurationList = 3E5DF9C12571279C00C0F6FA /* Build configuration list for PBXNativeTarget "ArtistHubUserInterface" */;
			buildPhases = (
				3E5DF9A12571279C00C0F6FA /* Headers */,
				3E5DF9A22571279C00C0F6FA /* Sources */,
				3E5DF9A32571279C00C0F6FA /* Frameworks */,
				3E5DF9A42571279C00C0F6FA /* Resources */,
			);
			buildRules = (
			);
			dependencies = (
			);
			name = ArtistHubUserInterface;
			productName = ArtistHubUserInterface;
			productReference = 3E5DF9A62571279C00C0F6FA /* ArtistHubUserInterface.framework */;
			productType = "com.apple.product-type.framework";
		};
		3E5DF9AD2571279C00C0F6FA /* ArtistHubUserInterfaceTests */ = {
			isa = PBXNativeTarget;
			buildConfigurationList = 3E5DF9C22571279C00C0F6FA /* Build configuration list for PBXNativeTarget "ArtistHubUserInterfaceTests" */;
			buildPhases = (
				3E5DF9AA2571279C00C0F6FA /* Sources */,
				3E5DF9AB2571279C00C0F6FA /* Frameworks */,
				3E5DF9AC2571279C00C0F6FA /* Resources */,
			);
			buildRules = (
			);
			dependencies = (
				3E5DF9B12571279C00C0F6FA /* PBXTargetDependency */,
				3E5DF9B32571279C00C0F6FA /* PBXTargetDependency */,
			);
			name = ArtistHubUserInterfaceTests;
			productName = ArtistHubUserInterfaceTests;
			productReference = 3E5DF9AE2571279C00C0F6FA /* ArtistHubUserInterfaceTests.xctest */;
			productType = "com.apple.product-type.bundle.unit-test";
		};
/* End PBXNativeTarget section */

/* Begin PBXProject section */
		3E53882E256FB40200CFC66E /* Project object */ = {
			isa = PBXProject;
			attributes = {
				LastSwiftUpdateCheck = 1220;
				LastUpgradeCheck = 1220;
				TargetAttributes = {
					3E538835256FB40200CFC66E = {
						CreatedOnToolsVersion = 12.2;
					};
					3E53884B256FB40300CFC66E = {
						CreatedOnToolsVersion = 12.2;
						TestTargetID = 3E538835256FB40200CFC66E;
					};
					3E538856256FB40300CFC66E = {
						CreatedOnToolsVersion = 12.2;
						TestTargetID = 3E538835256FB40200CFC66E;
					};
					3E538898256FCABD00CFC66E = {
						CreatedOnToolsVersion = 12.2;
						LastSwiftMigration = 1220;
					};
					3E5388A0256FCABD00CFC66E = {
						CreatedOnToolsVersion = 12.2;
					};
					3E5DF9A52571279C00C0F6FA = {
						CreatedOnToolsVersion = 12.2;
						LastSwiftMigration = 1220;
					};
					3E5DF9AD2571279C00C0F6FA = {
						CreatedOnToolsVersion = 12.2;
						TestTargetID = 3E538835256FB40200CFC66E;
					};
				};
			};
			buildConfigurationList = 3E538831256FB40200CFC66E /* Build configuration list for PBXProject "ArtistHub" */;
			compatibilityVersion = "Xcode 9.3";
			developmentRegion = en;
			hasScannedForEncodings = 0;
			knownRegions = (
				en,
				Base,
			);
			mainGroup = 3E53882D256FB40200CFC66E;
			productRefGroup = 3E538837256FB40200CFC66E /* Products */;
			projectDirPath = "";
			projectRoot = "";
			targets = (
				3E538835256FB40200CFC66E /* ArtistHubApp */,
				3E53884B256FB40300CFC66E /* ArtistHubAppTests */,
				3E538898256FCABD00CFC66E /* ArtistHubCore */,
				3E5388A0256FCABD00CFC66E /* ArtistHubCoreTests */,
				3E5DF9A52571279C00C0F6FA /* ArtistHubUserInterface */,
				3E5DF9AD2571279C00C0F6FA /* ArtistHubUserInterfaceTests */,
				3E538856256FB40300CFC66E /* ArtistHubUITests */,
			);
		};
/* End PBXProject section */

/* Begin PBXResourcesBuildPhase section */
		3E538834256FB40200CFC66E /* Resources */ = {
			isa = PBXResourcesBuildPhase;
			buildActionMask = 2147483647;
			files = (
				3E538846256FB40300CFC66E /* LaunchScreen.storyboard in Resources */,
				3E538843256FB40300CFC66E /* Assets.xcassets in Resources */,
			);
			runOnlyForDeploymentPostprocessing = 0;
		};
		3E53884A256FB40300CFC66E /* Resources */ = {
			isa = PBXResourcesBuildPhase;
			buildActionMask = 2147483647;
			files = (
			);
			runOnlyForDeploymentPostprocessing = 0;
		};
		3E538855256FB40300CFC66E /* Resources */ = {
			isa = PBXResourcesBuildPhase;
			buildActionMask = 2147483647;
			files = (
			);
			runOnlyForDeploymentPostprocessing = 0;
		};
		3E538897256FCABD00CFC66E /* Resources */ = {
			isa = PBXResourcesBuildPhase;
			buildActionMask = 2147483647;
			files = (
			);
			runOnlyForDeploymentPostprocessing = 0;
		};
		3E53889F256FCABD00CFC66E /* Resources */ = {
			isa = PBXResourcesBuildPhase;
			buildActionMask = 2147483647;
			files = (
			);
			runOnlyForDeploymentPostprocessing = 0;
		};
		3E5DF9A42571279C00C0F6FA /* Resources */ = {
			isa = PBXResourcesBuildPhase;
			buildActionMask = 2147483647;
			files = (
			);
			runOnlyForDeploymentPostprocessing = 0;
		};
		3E5DF9AC2571279C00C0F6FA /* Resources */ = {
			isa = PBXResourcesBuildPhase;
			buildActionMask = 2147483647;
			files = (
			);
			runOnlyForDeploymentPostprocessing = 0;
		};
/* End PBXResourcesBuildPhase section */

/* Begin PBXSourcesBuildPhase section */
		3E538832256FB40200CFC66E /* Sources */ = {
			isa = PBXSourcesBuildPhase;
			buildActionMask = 2147483647;
			files = (
				3EA095AF2573CBFE00AA6AAB /* ListRouterFactoryType.swift in Sources */,
				3EE494382574DB56005C8A05 /* ListViewControllerType.swift in Sources */,
				3EA0959F25715D0500AA6AAB /* ListRouter.swift in Sources */,
				3E5DEF432573D06B003CF008 /* DetailsRouterFactory.swift in Sources */,
				3EE153E325767613008AB2C2 /* ListViewCell.swift in Sources */,
				3E53883A256FB40200CFC66E /* AppDelegate.swift in Sources */,
				3E5DEF642573D368003CF008 /* ListControllerFactory.swift in Sources */,
				3E5DEF1E2573CE01003CF008 /* DetailsRouter.swift in Sources */,
				3E279DC92571151800144915 /* ApplicationRouter.swift in Sources */,
				3EE153DB25766E75008AB2C2 /* ListViewLayoutConfigurator.swift in Sources */,
				3EE1538025764A2A008AB2C2 /* ListView.swift in Sources */,
				3EE4948E2574F88C005C8A05 /* main.swift in Sources */,
				3E5DEF162573CDF6003CF008 /* DetailsRouterType.swift in Sources */,
				3E5DEF542573D145003CF008 /* DetailsControllerFactoryType.swift in Sources */,
				3E5DEF3B2573D034003CF008 /* DetailsRouterFactoryType.swift in Sources */,
				3EA0958825715C4E00AA6AAB /* ListRouterType.swift in Sources */,
				3E5DEF6D2573D404003CF008 /* DetailsView.swift in Sources */,
				3EE494402574DC6D005C8A05 /* DetailsViewControllerType.swift in Sources */,
				3EA0959725715CC500AA6AAB /* ListViewController.swift in Sources */,
				3E5DEF5C2573D311003CF008 /* DetailsControllerFactory.swift in Sources */,
				3E279DD42571157000144915 /* ApplicationRouterType.swift in Sources */,
				3E5DEF4B2573D116003CF008 /* DetailsViewController.swift in Sources */,
				3E5DEF272573CED4003CF008 /* ListControllerFactoryType.swift in Sources */,
				3E5DEF0A2573CCF2003CF008 /* ListRouterFactory.swift in Sources */,
			);
			runOnlyForDeploymentPostprocessing = 0;
		};
		3E538848256FB40300CFC66E /* Sources */ = {
			isa = PBXSourcesBuildPhase;
			buildActionMask = 2147483647;
			files = (
				3EE494542574DD58005C8A05 /* DetailsRouterTests.swift in Sources */,
				3EE494802574F36E005C8A05 /* DetailsControllerFactoryTests.swift in Sources */,
				3EA095672571506400AA6AAB /* ApplicationRouterSpy.swift in Sources */,
				3E5DEFA92573DC09003CF008 /* ListControllerFactorySpy.swift in Sources */,
				3E5DEF842573D76A003CF008 /* ListRouterSpy.swift in Sources */,
				3E5DEFC22573E414003CF008 /* ListRouterFactoryTests.swift in Sources */,
				3E5DEFB12573DCC9003CF008 /* DetailsRouterFactorySpy.swift in Sources */,
				3EE494712574DFB2005C8A05 /* NavigationControllerSpy.swift in Sources */,
				3EE4942A2574D9D4005C8A05 /* ListControllerFactoryTests.swift in Sources */,
				3EA095782571553600AA6AAB /* ApplicationRouterTests.swift in Sources */,
				3E5DEF752573D6AB003CF008 /* ListRouterFactorySpy.swift in Sources */,
				3EE154282577A58B008AB2C2 /* NavigationBarAppearanceConfiguratorSpy.swift in Sources */,
				3E30F89325790F8F00CB7A0A /* ListViewControllerTests.swift in Sources */,
				3E30F89C25790FE800CB7A0A /* ListViewLayoutConfigurationTests.swift in Sources */,
				3E5DEF9B2573DB08003CF008 /* ListRouterTests.swift in Sources */,
				3EE4949C2574FAB7005C8A05 /* DetailsRouterFactoryTests.swift in Sources */,
				3E5DEFB92573DD78003CF008 /* DetailsRouterSpy.swift in Sources */,
				3EE494632574DDB4005C8A05 /* DetailsControllerFactoryStub.swift in Sources */,
				3EB76F2C25714CD800DFDD0A /* AppDelegateTests.swift in Sources */,
			);
			runOnlyForDeploymentPostprocessing = 0;
		};
		3E538853256FB40300CFC66E /* Sources */ = {
			isa = PBXSourcesBuildPhase;
			buildActionMask = 2147483647;
			files = (
				3E53885C256FB40300CFC66E /* ArtistHubUITests.swift in Sources */,
			);
			runOnlyForDeploymentPostprocessing = 0;
		};
		3E538895256FCABD00CFC66E /* Sources */ = {
			isa = PBXSourcesBuildPhase;
			buildActionMask = 2147483647;
			files = (
				3E30F8562579013100CB7A0A /* Artist.swift in Sources */,
				3E30F8AB257A39D300CB7A0A /* Task.swift in Sources */,
				3ED0F6E7257AA28C00571636 /* DispatcherType.swift in Sources */,
				3ED0F6FD257AA3DB00571636 /* SyncDispatcher.swift in Sources */,
				3E30F8B3257A3DAC00CB7A0A /* TaskScheduler.swift in Sources */,
				3ED0F6EF257AA2F000571636 /* AsyncDispatcher.swift in Sources */,
				3E30F8D8257A8DE400CB7A0A /* TaskSchedulerType.swift in Sources */,
				C6F4DBD98A367A7E87AA8FD1 /* Artist+Sample.swift in Sources */,
			);
			runOnlyForDeploymentPostprocessing = 0;
		};
		3E53889D256FCABD00CFC66E /* Sources */ = {
			isa = PBXSourcesBuildPhase;
			buildActionMask = 2147483647;
			files = (
				3E30F8D0257A8DA800CB7A0A /* TaskSchedulerTests.swift in Sources */,
				3ED0F707257AA6B300571636 /* DispatcherStub.swift in Sources */,
				3E30F8C8257A8BCA00CB7A0A /* TaskTests.swift in Sources */,
				3ED0F734257BDD6400571636 /* AsyncDispatcherTests.swift in Sources */,
				3ED0F74E257BE04B00571636 /* SyncDispatcherTest.swift in Sources */,
			);
			runOnlyForDeploymentPostprocessing = 0;
		};
		3E5DF9A22571279C00C0F6FA /* Sources */ = {
			isa = PBXSourcesBuildPhase;
			buildActionMask = 2147483647;
			files = (
				3E4A805F257145FD0021312B /* UIWindow+Default.swift in Sources */,
				3EA095A725715F0E00AA6AAB /* UINavigationController+Default.swift in Sources */,
				3EE153CD25766BF0008AB2C2 /* Stylable+UICollectionView.swift in Sources */,
				3EE153FA25779984008AB2C2 /* NavigationBarAppearanceConfigurator.swift in Sources */,
				3EE153A6257654C4008AB2C2 /* UIColor+Custom.swift in Sources */,
				3EE153C5257669E7008AB2C2 /* Stylable.swift in Sources */,
				3EE1540825779D20008AB2C2 /* NavigationBarAppearanceConfiguratorType.swift in Sources */,
				3EE153F125769CDB008AB2C2 /* UIFont+Traits.swift in Sources */,
				3EE153AF25766449008AB2C2 /* Style.swift in Sources */,
				3EE153BD2576660C008AB2C2 /* Stylable+UIView.swift in Sources */,
			);
			runOnlyForDeploymentPostprocessing = 0;
		};
		3E5DF9AA2571279C00C0F6FA /* Sources */ = {
			isa = PBXSourcesBuildPhase;
			buildActionMask = 2147483647;
			files = (
				3EE154212577A1A7008AB2C2 /* NavigationBarAppearanceConfiguratorTests.swift in Sources */,
				3EB76F0A2571486400DFDD0A /* UIWindowDefaultExtensionTests.swift in Sources */,
				3E30F8472578EE3800CB7A0A /* StylableExtensionTests.swift in Sources */,
				3EE154302577AF62008AB2C2 /* UIFontTraitsExtensionTests.swift in Sources */,
				3EE154132577A0F5008AB2C2 /* NavigationBarAppearanceConfiguratorSpy.swift in Sources */,
			);
			runOnlyForDeploymentPostprocessing = 0;
		};
/* End PBXSourcesBuildPhase section */

/* Begin PBXTargetDependency section */
		3E53884E256FB40300CFC66E /* PBXTargetDependency */ = {
			isa = PBXTargetDependency;
			target = 3E538835256FB40200CFC66E /* ArtistHubApp */;
			targetProxy = 3E53884D256FB40300CFC66E /* PBXContainerItemProxy */;
		};
		3E538859256FB40300CFC66E /* PBXTargetDependency */ = {
			isa = PBXTargetDependency;
			target = 3E538835256FB40200CFC66E /* ArtistHubApp */;
			targetProxy = 3E538858256FB40300CFC66E /* PBXContainerItemProxy */;
		};
		3E5388A4256FCABD00CFC66E /* PBXTargetDependency */ = {
			isa = PBXTargetDependency;
			target = 3E538898256FCABD00CFC66E /* ArtistHubCore */;
			targetProxy = 3E5388A3256FCABD00CFC66E /* PBXContainerItemProxy */;
		};
		3E5388CD256FCC1100CFC66E /* PBXTargetDependency */ = {
			isa = PBXTargetDependency;
			target = 3E538898256FCABD00CFC66E /* ArtistHubCore */;
			targetProxy = 3E5388CC256FCC1100CFC66E /* PBXContainerItemProxy */;
		};
		3E5DF9B12571279C00C0F6FA /* PBXTargetDependency */ = {
			isa = PBXTargetDependency;
			target = 3E5DF9A52571279C00C0F6FA /* ArtistHubUserInterface */;
			targetProxy = 3E5DF9B02571279C00C0F6FA /* PBXContainerItemProxy */;
		};
		3E5DF9B32571279C00C0F6FA /* PBXTargetDependency */ = {
			isa = PBXTargetDependency;
			target = 3E538835256FB40200CFC66E /* ArtistHubApp */;
			targetProxy = 3E5DF9B22571279C00C0F6FA /* PBXContainerItemProxy */;
		};
		3E5DF9BA2571279C00C0F6FA /* PBXTargetDependency */ = {
			isa = PBXTargetDependency;
			target = 3E5DF9A52571279C00C0F6FA /* ArtistHubUserInterface */;
			targetProxy = 3E5DF9B92571279C00C0F6FA /* PBXContainerItemProxy */;
		};
/* End PBXTargetDependency section */

/* Begin PBXVariantGroup section */
		3E538844256FB40300CFC66E /* LaunchScreen.storyboard */ = {
			isa = PBXVariantGroup;
			children = (
				3E538845256FB40300CFC66E /* Base */,
			);
			name = LaunchScreen.storyboard;
			sourceTree = "<group>";
		};
/* End PBXVariantGroup section */

/* Begin XCBuildConfiguration section */
		3E53885E256FB40300CFC66E /* Debug */ = {
			isa = XCBuildConfiguration;
			buildSettings = {
				ALWAYS_SEARCH_USER_PATHS = NO;
				CLANG_ANALYZER_NONNULL = YES;
				CLANG_ANALYZER_NUMBER_OBJECT_CONVERSION = YES_AGGRESSIVE;
				CLANG_CXX_LANGUAGE_STANDARD = "gnu++14";
				CLANG_CXX_LIBRARY = "libc++";
				CLANG_ENABLE_MODULES = YES;
				CLANG_ENABLE_OBJC_ARC = YES;
				CLANG_ENABLE_OBJC_WEAK = YES;
				CLANG_WARN_BLOCK_CAPTURE_AUTORELEASING = YES;
				CLANG_WARN_BOOL_CONVERSION = YES;
				CLANG_WARN_COMMA = YES;
				CLANG_WARN_CONSTANT_CONVERSION = YES;
				CLANG_WARN_DEPRECATED_OBJC_IMPLEMENTATIONS = YES;
				CLANG_WARN_DIRECT_OBJC_ISA_USAGE = YES_ERROR;
				CLANG_WARN_DOCUMENTATION_COMMENTS = YES;
				CLANG_WARN_EMPTY_BODY = YES;
				CLANG_WARN_ENUM_CONVERSION = YES;
				CLANG_WARN_INFINITE_RECURSION = YES;
				CLANG_WARN_INT_CONVERSION = YES;
				CLANG_WARN_NON_LITERAL_NULL_CONVERSION = YES;
				CLANG_WARN_OBJC_IMPLICIT_RETAIN_SELF = YES;
				CLANG_WARN_OBJC_LITERAL_CONVERSION = YES;
				CLANG_WARN_OBJC_ROOT_CLASS = YES_ERROR;
				CLANG_WARN_QUOTED_INCLUDE_IN_FRAMEWORK_HEADER = YES;
				CLANG_WARN_RANGE_LOOP_ANALYSIS = YES;
				CLANG_WARN_STRICT_PROTOTYPES = YES;
				CLANG_WARN_SUSPICIOUS_MOVE = YES;
				CLANG_WARN_UNGUARDED_AVAILABILITY = YES_AGGRESSIVE;
				CLANG_WARN_UNREACHABLE_CODE = YES;
				CLANG_WARN__DUPLICATE_METHOD_MATCH = YES;
				COPY_PHASE_STRIP = NO;
				DEBUG_INFORMATION_FORMAT = dwarf;
				ENABLE_STRICT_OBJC_MSGSEND = YES;
				ENABLE_TESTABILITY = YES;
				GCC_C_LANGUAGE_STANDARD = gnu11;
				GCC_DYNAMIC_NO_PIC = NO;
				GCC_NO_COMMON_BLOCKS = YES;
				GCC_OPTIMIZATION_LEVEL = 0;
				GCC_PREPROCESSOR_DEFINITIONS = (
					"DEBUG=1",
					"$(inherited)",
				);
				GCC_WARN_64_TO_32_BIT_CONVERSION = YES;
				GCC_WARN_ABOUT_RETURN_TYPE = YES_ERROR;
				GCC_WARN_UNDECLARED_SELECTOR = YES;
				GCC_WARN_UNINITIALIZED_AUTOS = YES_AGGRESSIVE;
				GCC_WARN_UNUSED_FUNCTION = YES;
				GCC_WARN_UNUSED_VARIABLE = YES;
				IPHONEOS_DEPLOYMENT_TARGET = 13.0;
				MTL_ENABLE_DEBUG_INFO = INCLUDE_SOURCE;
				MTL_FAST_MATH = YES;
				ONLY_ACTIVE_ARCH = YES;
				SDKROOT = iphoneos;
				SWIFT_ACTIVE_COMPILATION_CONDITIONS = DEBUG;
				SWIFT_OPTIMIZATION_LEVEL = "-Onone";
			};
			name = Debug;
		};
		3E53885F256FB40300CFC66E /* Release */ = {
			isa = XCBuildConfiguration;
			buildSettings = {
				ALWAYS_SEARCH_USER_PATHS = NO;
				CLANG_ANALYZER_NONNULL = YES;
				CLANG_ANALYZER_NUMBER_OBJECT_CONVERSION = YES_AGGRESSIVE;
				CLANG_CXX_LANGUAGE_STANDARD = "gnu++14";
				CLANG_CXX_LIBRARY = "libc++";
				CLANG_ENABLE_MODULES = YES;
				CLANG_ENABLE_OBJC_ARC = YES;
				CLANG_ENABLE_OBJC_WEAK = YES;
				CLANG_WARN_BLOCK_CAPTURE_AUTORELEASING = YES;
				CLANG_WARN_BOOL_CONVERSION = YES;
				CLANG_WARN_COMMA = YES;
				CLANG_WARN_CONSTANT_CONVERSION = YES;
				CLANG_WARN_DEPRECATED_OBJC_IMPLEMENTATIONS = YES;
				CLANG_WARN_DIRECT_OBJC_ISA_USAGE = YES_ERROR;
				CLANG_WARN_DOCUMENTATION_COMMENTS = YES;
				CLANG_WARN_EMPTY_BODY = YES;
				CLANG_WARN_ENUM_CONVERSION = YES;
				CLANG_WARN_INFINITE_RECURSION = YES;
				CLANG_WARN_INT_CONVERSION = YES;
				CLANG_WARN_NON_LITERAL_NULL_CONVERSION = YES;
				CLANG_WARN_OBJC_IMPLICIT_RETAIN_SELF = YES;
				CLANG_WARN_OBJC_LITERAL_CONVERSION = YES;
				CLANG_WARN_OBJC_ROOT_CLASS = YES_ERROR;
				CLANG_WARN_QUOTED_INCLUDE_IN_FRAMEWORK_HEADER = YES;
				CLANG_WARN_RANGE_LOOP_ANALYSIS = YES;
				CLANG_WARN_STRICT_PROTOTYPES = YES;
				CLANG_WARN_SUSPICIOUS_MOVE = YES;
				CLANG_WARN_UNGUARDED_AVAILABILITY = YES_AGGRESSIVE;
				CLANG_WARN_UNREACHABLE_CODE = YES;
				CLANG_WARN__DUPLICATE_METHOD_MATCH = YES;
				COPY_PHASE_STRIP = NO;
				DEBUG_INFORMATION_FORMAT = "dwarf-with-dsym";
				ENABLE_NS_ASSERTIONS = NO;
				ENABLE_STRICT_OBJC_MSGSEND = YES;
				GCC_C_LANGUAGE_STANDARD = gnu11;
				GCC_NO_COMMON_BLOCKS = YES;
				GCC_WARN_64_TO_32_BIT_CONVERSION = YES;
				GCC_WARN_ABOUT_RETURN_TYPE = YES_ERROR;
				GCC_WARN_UNDECLARED_SELECTOR = YES;
				GCC_WARN_UNINITIALIZED_AUTOS = YES_AGGRESSIVE;
				GCC_WARN_UNUSED_FUNCTION = YES;
				GCC_WARN_UNUSED_VARIABLE = YES;
				IPHONEOS_DEPLOYMENT_TARGET = 13.0;
				MTL_ENABLE_DEBUG_INFO = NO;
				MTL_FAST_MATH = YES;
				SDKROOT = iphoneos;
				SWIFT_COMPILATION_MODE = wholemodule;
				SWIFT_OPTIMIZATION_LEVEL = "-O";
				VALIDATE_PRODUCT = YES;
			};
			name = Release;
		};
		3E538861256FB40300CFC66E /* Debug */ = {
			isa = XCBuildConfiguration;
			buildSettings = {
				ALWAYS_EMBED_SWIFT_STANDARD_LIBRARIES = YES;
				ASSETCATALOG_COMPILER_APPICON_NAME = AppIcon;
				ASSETCATALOG_COMPILER_GLOBAL_ACCENT_COLOR_NAME = AccentColor;
				CODE_SIGN_STYLE = Automatic;
				DEVELOPMENT_TEAM = CPFPRP3P33;
				INFOPLIST_FILE = "ArtistHubApp/Sources/Supporting Files/Info.plist";
				LD_RUNPATH_SEARCH_PATHS = (
					"$(inherited)",
					"@executable_path/Frameworks",
				);
				PRODUCT_BUNDLE_IDENTIFIER = com.swziy.ArtistHub;
				PRODUCT_NAME = "$(TARGET_NAME)";
				SWIFT_VERSION = 5.0;
				TARGETED_DEVICE_FAMILY = 1;
			};
			name = Debug;
		};
		3E538862256FB40300CFC66E /* Release */ = {
			isa = XCBuildConfiguration;
			buildSettings = {
				ALWAYS_EMBED_SWIFT_STANDARD_LIBRARIES = YES;
				ASSETCATALOG_COMPILER_APPICON_NAME = AppIcon;
				ASSETCATALOG_COMPILER_GLOBAL_ACCENT_COLOR_NAME = AccentColor;
				CODE_SIGN_STYLE = Automatic;
				DEVELOPMENT_TEAM = CPFPRP3P33;
				INFOPLIST_FILE = "ArtistHubApp/Sources/Supporting Files/Info.plist";
				LD_RUNPATH_SEARCH_PATHS = (
					"$(inherited)",
					"@executable_path/Frameworks",
				);
				PRODUCT_BUNDLE_IDENTIFIER = com.swziy.ArtistHub;
				PRODUCT_NAME = "$(TARGET_NAME)";
				SWIFT_VERSION = 5.0;
				TARGETED_DEVICE_FAMILY = 1;
			};
			name = Release;
		};
		3E538864256FB40300CFC66E /* Debug */ = {
			isa = XCBuildConfiguration;
			buildSettings = {
				ALWAYS_EMBED_SWIFT_STANDARD_LIBRARIES = YES;
				BUNDLE_LOADER = "$(TEST_HOST)";
				CODE_SIGN_STYLE = Automatic;
				DEVELOPMENT_TEAM = CPFPRP3P33;
				INFOPLIST_FILE = "ArtistHubApp/Tests/Supporting Files/Info.plist";
				IPHONEOS_DEPLOYMENT_TARGET = 14.2;
				LD_RUNPATH_SEARCH_PATHS = (
					"$(inherited)",
					"@executable_path/Frameworks",
					"@loader_path/Frameworks",
				);
				PRODUCT_BUNDLE_IDENTIFIER = com.swziy.ArtistHubTests;
				PRODUCT_NAME = "$(TARGET_NAME)";
				SWIFT_VERSION = 5.0;
				TARGETED_DEVICE_FAMILY = "1,2";
				TEST_HOST = "$(BUILT_PRODUCTS_DIR)/ArtistHubApp.app/ArtistHubApp";
			};
			name = Debug;
		};
		3E538865256FB40300CFC66E /* Release */ = {
			isa = XCBuildConfiguration;
			buildSettings = {
				ALWAYS_EMBED_SWIFT_STANDARD_LIBRARIES = YES;
				BUNDLE_LOADER = "$(TEST_HOST)";
				CODE_SIGN_STYLE = Automatic;
				DEVELOPMENT_TEAM = CPFPRP3P33;
				INFOPLIST_FILE = "ArtistHubApp/Tests/Supporting Files/Info.plist";
				IPHONEOS_DEPLOYMENT_TARGET = 14.2;
				LD_RUNPATH_SEARCH_PATHS = (
					"$(inherited)",
					"@executable_path/Frameworks",
					"@loader_path/Frameworks",
				);
				PRODUCT_BUNDLE_IDENTIFIER = com.swziy.ArtistHubTests;
				PRODUCT_NAME = "$(TARGET_NAME)";
				SWIFT_VERSION = 5.0;
				TARGETED_DEVICE_FAMILY = "1,2";
				TEST_HOST = "$(BUILT_PRODUCTS_DIR)/ArtistHubApp.app/ArtistHubApp";
			};
			name = Release;
		};
		3E538867256FB40300CFC66E /* Debug */ = {
			isa = XCBuildConfiguration;
			buildSettings = {
				ALWAYS_EMBED_SWIFT_STANDARD_LIBRARIES = YES;
				CODE_SIGN_STYLE = Automatic;
				DEVELOPMENT_TEAM = CPFPRP3P33;
				INFOPLIST_FILE = ArtistHubUITests/Info.plist;
				LD_RUNPATH_SEARCH_PATHS = (
					"$(inherited)",
					"@executable_path/Frameworks",
					"@loader_path/Frameworks",
				);
				PRODUCT_BUNDLE_IDENTIFIER = com.swziy.ArtistHubUITests;
				PRODUCT_NAME = "$(TARGET_NAME)";
				SWIFT_VERSION = 5.0;
				TARGETED_DEVICE_FAMILY = "1,2";
				TEST_TARGET_NAME = ArtistHub;
			};
			name = Debug;
		};
		3E538868256FB40300CFC66E /* Release */ = {
			isa = XCBuildConfiguration;
			buildSettings = {
				ALWAYS_EMBED_SWIFT_STANDARD_LIBRARIES = YES;
				CODE_SIGN_STYLE = Automatic;
				DEVELOPMENT_TEAM = CPFPRP3P33;
				INFOPLIST_FILE = ArtistHubUITests/Info.plist;
				LD_RUNPATH_SEARCH_PATHS = (
					"$(inherited)",
					"@executable_path/Frameworks",
					"@loader_path/Frameworks",
				);
				PRODUCT_BUNDLE_IDENTIFIER = com.swziy.ArtistHubUITests;
				PRODUCT_NAME = "$(TARGET_NAME)";
				SWIFT_VERSION = 5.0;
				TARGETED_DEVICE_FAMILY = "1,2";
				TEST_TARGET_NAME = ArtistHub;
			};
			name = Release;
		};
		3E5388AB256FCABD00CFC66E /* Debug */ = {
			isa = XCBuildConfiguration;
			buildSettings = {
				CLANG_ENABLE_MODULES = YES;
				CODE_SIGN_STYLE = Automatic;
				CURRENT_PROJECT_VERSION = 1;
				DEFINES_MODULE = YES;
				DEVELOPMENT_TEAM = CPFPRP3P33;
				DYLIB_COMPATIBILITY_VERSION = 1;
				DYLIB_CURRENT_VERSION = 1;
				DYLIB_INSTALL_NAME_BASE = "@rpath";
				INFOPLIST_FILE = "ArtistHubCore/Sources/Supporting Files/Info.plist";
				INSTALL_PATH = "$(LOCAL_LIBRARY_DIR)/Frameworks";
				LD_RUNPATH_SEARCH_PATHS = (
					"$(inherited)",
					"@executable_path/Frameworks",
					"@loader_path/Frameworks",
				);
				PRODUCT_BUNDLE_IDENTIFIER = com.swziy.ArtistHubCore;
				PRODUCT_NAME = "$(TARGET_NAME:c99extidentifier)";
				SKIP_INSTALL = YES;
				SUPPORTS_MACCATALYST = NO;
				SWIFT_OPTIMIZATION_LEVEL = "-Onone";
				SWIFT_VERSION = 5.0;
				TARGETED_DEVICE_FAMILY = 1;
				VERSIONING_SYSTEM = "apple-generic";
				VERSION_INFO_PREFIX = "";
			};
			name = Debug;
		};
		3E5388AC256FCABD00CFC66E /* Release */ = {
			isa = XCBuildConfiguration;
			buildSettings = {
				CLANG_ENABLE_MODULES = YES;
				CODE_SIGN_STYLE = Automatic;
				CURRENT_PROJECT_VERSION = 1;
				DEFINES_MODULE = YES;
				DEVELOPMENT_TEAM = CPFPRP3P33;
				DYLIB_COMPATIBILITY_VERSION = 1;
				DYLIB_CURRENT_VERSION = 1;
				DYLIB_INSTALL_NAME_BASE = "@rpath";
				INFOPLIST_FILE = "ArtistHubCore/Sources/Supporting Files/Info.plist";
				INSTALL_PATH = "$(LOCAL_LIBRARY_DIR)/Frameworks";
				LD_RUNPATH_SEARCH_PATHS = (
					"$(inherited)",
					"@executable_path/Frameworks",
					"@loader_path/Frameworks",
				);
				PRODUCT_BUNDLE_IDENTIFIER = com.swziy.ArtistHubCore;
				PRODUCT_NAME = "$(TARGET_NAME:c99extidentifier)";
				SKIP_INSTALL = YES;
				SUPPORTS_MACCATALYST = NO;
				SWIFT_VERSION = 5.0;
				TARGETED_DEVICE_FAMILY = 1;
				VERSIONING_SYSTEM = "apple-generic";
				VERSION_INFO_PREFIX = "";
			};
			name = Release;
		};
		3E5388AE256FCABD00CFC66E /* Debug */ = {
			isa = XCBuildConfiguration;
			buildSettings = {
				ALWAYS_EMBED_SWIFT_STANDARD_LIBRARIES = YES;
				CODE_SIGN_STYLE = Automatic;
				DEVELOPMENT_TEAM = CPFPRP3P33;
				INFOPLIST_FILE = "ArtistHubCore/Tests/Supporting Files/Info.plist";
				LD_RUNPATH_SEARCH_PATHS = (
					"$(inherited)",
					"@executable_path/Frameworks",
					"@loader_path/Frameworks",
				);
				PRODUCT_BUNDLE_IDENTIFIER = com.swziy.ArtistHubCoreTests;
				PRODUCT_NAME = "$(TARGET_NAME)";
				SWIFT_VERSION = 5.0;
				TARGETED_DEVICE_FAMILY = "1,2";
			};
			name = Debug;
		};
		3E5388AF256FCABD00CFC66E /* Release */ = {
			isa = XCBuildConfiguration;
			buildSettings = {
				ALWAYS_EMBED_SWIFT_STANDARD_LIBRARIES = YES;
				CODE_SIGN_STYLE = Automatic;
				DEVELOPMENT_TEAM = CPFPRP3P33;
				INFOPLIST_FILE = "ArtistHubCore/Tests/Supporting Files/Info.plist";
				LD_RUNPATH_SEARCH_PATHS = (
					"$(inherited)",
					"@executable_path/Frameworks",
					"@loader_path/Frameworks",
				);
				PRODUCT_BUNDLE_IDENTIFIER = com.swziy.ArtistHubCoreTests;
				PRODUCT_NAME = "$(TARGET_NAME)";
				SWIFT_VERSION = 5.0;
				TARGETED_DEVICE_FAMILY = "1,2";
			};
			name = Release;
		};
		3E5DF9BD2571279C00C0F6FA /* Debug */ = {
			isa = XCBuildConfiguration;
			buildSettings = {
				CLANG_ENABLE_MODULES = YES;
				CODE_SIGN_STYLE = Automatic;
				CURRENT_PROJECT_VERSION = 1;
				DEFINES_MODULE = YES;
				DEVELOPMENT_TEAM = CPFPRP3P33;
				DYLIB_COMPATIBILITY_VERSION = 1;
				DYLIB_CURRENT_VERSION = 1;
				DYLIB_INSTALL_NAME_BASE = "@rpath";
				INFOPLIST_FILE = "ArtistHubUserInterface/Sources/Supporting Files/Info.plist";
				INSTALL_PATH = "$(LOCAL_LIBRARY_DIR)/Frameworks";
				IPHONEOS_DEPLOYMENT_TARGET = 13.0;
				LD_RUNPATH_SEARCH_PATHS = (
					"$(inherited)",
					"@executable_path/Frameworks",
					"@loader_path/Frameworks",
				);
				PRODUCT_BUNDLE_IDENTIFIER = com.swziy.ArtistHubUserInterface;
				PRODUCT_NAME = "$(TARGET_NAME:c99extidentifier)";
				SKIP_INSTALL = YES;
				SUPPORTS_MACCATALYST = NO;
				SWIFT_OPTIMIZATION_LEVEL = "-Onone";
				SWIFT_VERSION = 5.0;
				TARGETED_DEVICE_FAMILY = 1;
				VERSIONING_SYSTEM = "apple-generic";
				VERSION_INFO_PREFIX = "";
			};
			name = Debug;
		};
		3E5DF9BE2571279C00C0F6FA /* Release */ = {
			isa = XCBuildConfiguration;
			buildSettings = {
				CLANG_ENABLE_MODULES = YES;
				CODE_SIGN_STYLE = Automatic;
				CURRENT_PROJECT_VERSION = 1;
				DEFINES_MODULE = YES;
				DEVELOPMENT_TEAM = CPFPRP3P33;
				DYLIB_COMPATIBILITY_VERSION = 1;
				DYLIB_CURRENT_VERSION = 1;
				DYLIB_INSTALL_NAME_BASE = "@rpath";
				INFOPLIST_FILE = "ArtistHubUserInterface/Sources/Supporting Files/Info.plist";
				INSTALL_PATH = "$(LOCAL_LIBRARY_DIR)/Frameworks";
				IPHONEOS_DEPLOYMENT_TARGET = 13.0;
				LD_RUNPATH_SEARCH_PATHS = (
					"$(inherited)",
					"@executable_path/Frameworks",
					"@loader_path/Frameworks",
				);
				PRODUCT_BUNDLE_IDENTIFIER = com.swziy.ArtistHubUserInterface;
				PRODUCT_NAME = "$(TARGET_NAME:c99extidentifier)";
				SKIP_INSTALL = YES;
				SUPPORTS_MACCATALYST = NO;
				SWIFT_VERSION = 5.0;
				TARGETED_DEVICE_FAMILY = 1;
				VERSIONING_SYSTEM = "apple-generic";
				VERSION_INFO_PREFIX = "";
			};
			name = Release;
		};
		3E5DF9BF2571279C00C0F6FA /* Debug */ = {
			isa = XCBuildConfiguration;
			buildSettings = {
				ALWAYS_EMBED_SWIFT_STANDARD_LIBRARIES = YES;
				CODE_SIGN_STYLE = Automatic;
				DEVELOPMENT_TEAM = CPFPRP3P33;
				INFOPLIST_FILE = "ArtistHubUserInterface/Tests/Supporting Files/Info.plist";
				IPHONEOS_DEPLOYMENT_TARGET = 14.2;
				LD_RUNPATH_SEARCH_PATHS = (
					"$(inherited)",
					"@executable_path/Frameworks",
					"@loader_path/Frameworks",
				);
				PRODUCT_BUNDLE_IDENTIFIER = com.swziy.ArtistHubUserInterfaceTests;
				PRODUCT_NAME = "$(TARGET_NAME)";
				SWIFT_VERSION = 5.0;
				TARGETED_DEVICE_FAMILY = "1,2";
				TEST_HOST = "$(BUILT_PRODUCTS_DIR)/ArtistHubApp.app/ArtistHubApp";
			};
			name = Debug;
		};
		3E5DF9C02571279C00C0F6FA /* Release */ = {
			isa = XCBuildConfiguration;
			buildSettings = {
				ALWAYS_EMBED_SWIFT_STANDARD_LIBRARIES = YES;
				CODE_SIGN_STYLE = Automatic;
				DEVELOPMENT_TEAM = CPFPRP3P33;
				INFOPLIST_FILE = "ArtistHubUserInterface/Tests/Supporting Files/Info.plist";
				IPHONEOS_DEPLOYMENT_TARGET = 14.2;
				LD_RUNPATH_SEARCH_PATHS = (
					"$(inherited)",
					"@executable_path/Frameworks",
					"@loader_path/Frameworks",
				);
				PRODUCT_BUNDLE_IDENTIFIER = com.swziy.ArtistHubUserInterfaceTests;
				PRODUCT_NAME = "$(TARGET_NAME)";
				SWIFT_VERSION = 5.0;
				TARGETED_DEVICE_FAMILY = "1,2";
				TEST_HOST = "$(BUILT_PRODUCTS_DIR)/ArtistHubApp.app/ArtistHubApp";
			};
			name = Release;
		};
/* End XCBuildConfiguration section */

/* Begin XCConfigurationList section */
		3E538831256FB40200CFC66E /* Build configuration list for PBXProject "ArtistHub" */ = {
			isa = XCConfigurationList;
			buildConfigurations = (
				3E53885E256FB40300CFC66E /* Debug */,
				3E53885F256FB40300CFC66E /* Release */,
			);
			defaultConfigurationIsVisible = 0;
			defaultConfigurationName = Release;
		};
		3E538860256FB40300CFC66E /* Build configuration list for PBXNativeTarget "ArtistHubApp" */ = {
			isa = XCConfigurationList;
			buildConfigurations = (
				3E538861256FB40300CFC66E /* Debug */,
				3E538862256FB40300CFC66E /* Release */,
			);
			defaultConfigurationIsVisible = 0;
			defaultConfigurationName = Release;
		};
		3E538863256FB40300CFC66E /* Build configuration list for PBXNativeTarget "ArtistHubAppTests" */ = {
			isa = XCConfigurationList;
			buildConfigurations = (
				3E538864256FB40300CFC66E /* Debug */,
				3E538865256FB40300CFC66E /* Release */,
			);
			defaultConfigurationIsVisible = 0;
			defaultConfigurationName = Release;
		};
		3E538866256FB40300CFC66E /* Build configuration list for PBXNativeTarget "ArtistHubUITests" */ = {
			isa = XCConfigurationList;
			buildConfigurations = (
				3E538867256FB40300CFC66E /* Debug */,
				3E538868256FB40300CFC66E /* Release */,
			);
			defaultConfigurationIsVisible = 0;
			defaultConfigurationName = Release;
		};
		3E5388AA256FCABD00CFC66E /* Build configuration list for PBXNativeTarget "ArtistHubCore" */ = {
			isa = XCConfigurationList;
			buildConfigurations = (
				3E5388AB256FCABD00CFC66E /* Debug */,
				3E5388AC256FCABD00CFC66E /* Release */,
			);
			defaultConfigurationIsVisible = 0;
			defaultConfigurationName = Release;
		};
		3E5388AD256FCABD00CFC66E /* Build configuration list for PBXNativeTarget "ArtistHubCoreTests" */ = {
			isa = XCConfigurationList;
			buildConfigurations = (
				3E5388AE256FCABD00CFC66E /* Debug */,
				3E5388AF256FCABD00CFC66E /* Release */,
			);
			defaultConfigurationIsVisible = 0;
			defaultConfigurationName = Release;
		};
		3E5DF9C12571279C00C0F6FA /* Build configuration list for PBXNativeTarget "ArtistHubUserInterface" */ = {
			isa = XCConfigurationList;
			buildConfigurations = (
				3E5DF9BD2571279C00C0F6FA /* Debug */,
				3E5DF9BE2571279C00C0F6FA /* Release */,
			);
			defaultConfigurationIsVisible = 0;
			defaultConfigurationName = Release;
		};
		3E5DF9C22571279C00C0F6FA /* Build configuration list for PBXNativeTarget "ArtistHubUserInterfaceTests" */ = {
			isa = XCConfigurationList;
			buildConfigurations = (
				3E5DF9BF2571279C00C0F6FA /* Debug */,
				3E5DF9C02571279C00C0F6FA /* Release */,
			);
			defaultConfigurationIsVisible = 0;
			defaultConfigurationName = Release;
		};
/* End XCConfigurationList section */
	};
	rootObject = 3E53882E256FB40200CFC66E /* Project object */;
}
